// !$*UTF8*$!
{
	archiveVersion = 1;
	classes = {
	};
	objectVersion = 56;
	objects = {

/* Begin PBXBuildFile section */
		0C382E262A5950C700EA08E0 /* CommunitySegmentedControl.swift in Sources */ = {isa = PBXBuildFile; fileRef = 0C382E252A5950C700EA08E0 /* CommunitySegmentedControl.swift */; };
		0C382E282A5994A700EA08E0 /* CommunityViewController.swift in Sources */ = {isa = PBXBuildFile; fileRef = 0C382E272A5994A700EA08E0 /* CommunityViewController.swift */; };
		0C382E312A5BDB6D00EA08E0 /* CommunityProfileView.swift in Sources */ = {isa = PBXBuildFile; fileRef = 0C382E302A5BDB6D00EA08E0 /* CommunityProfileView.swift */; };
		0C382E332A5C564000EA08E0 /* CommunityCellBottomButtonView.swift in Sources */ = {isa = PBXBuildFile; fileRef = 0C382E322A5C564000EA08E0 /* CommunityCellBottomButtonView.swift */; };
		0C43F6102A659C6D00EED860 /* PagingImageCollectionViewCell.swift in Sources */ = {isa = PBXBuildFile; fileRef = 0C43F60F2A659C6D00EED860 /* PagingImageCollectionViewCell.swift */; };
		0C4D32F72A6823A600AD5EFF /* DailyDateNoImageCell.swift in Sources */ = {isa = PBXBuildFile; fileRef = 0C4D32F62A6823A600AD5EFF /* DailyDateNoImageCell.swift */; };
		0C4D32F92A6825FF00AD5EFF /* CommunityCellable.swift in Sources */ = {isa = PBXBuildFile; fileRef = 0C4D32F82A6825FF00AD5EFF /* CommunityCellable.swift */; };
		0C4D32FD2A68312C00AD5EFF /* CommunityCellDelegate.swift in Sources */ = {isa = PBXBuildFile; fileRef = 0C4D32FC2A68312C00AD5EFF /* CommunityCellDelegate.swift */; };
		0C4D32FF2A68315B00AD5EFF /* CommunityProfileViewDelegate.swift in Sources */ = {isa = PBXBuildFile; fileRef = 0C4D32FE2A68315B00AD5EFF /* CommunityProfileViewDelegate.swift */; };
		0C4D33012A68317200AD5EFF /* CommunityCellBottomButtonViewDelegate.swift in Sources */ = {isa = PBXBuildFile; fileRef = 0C4D33002A68317200AD5EFF /* CommunityCellBottomButtonViewDelegate.swift */; };
		0C4EF98E2A7A2BF500539320 /* CoupleSpaceMainButtonView.swift in Sources */ = {isa = PBXBuildFile; fileRef = 0C4EF98D2A7A2BF500539320 /* CoupleSpaceMainButtonView.swift */; };
		0C4EF9902A7A430100539320 /* CoupleSpaceMainViewController.swift in Sources */ = {isa = PBXBuildFile; fileRef = 0C4EF98F2A7A430000539320 /* CoupleSpaceMainViewController.swift */; };
		0C4EF9942A7B7F3B00539320 /* CoupleSpacePickCollectionViewController.swift in Sources */ = {isa = PBXBuildFile; fileRef = 0C4EF9932A7B7F3B00539320 /* CoupleSpacePickCollectionViewController.swift */; };
		0C4EF9972A7B966F00539320 /* CoupleSpaceHeartPickCollectionCell.swift in Sources */ = {isa = PBXBuildFile; fileRef = 0C4EF9962A7B966F00539320 /* CoupleSpaceHeartPickCollectionCell.swift */; };
		0C4EF9992A7BA19C00539320 /* CoupleSpaceMyPickCollectionCell.swift in Sources */ = {isa = PBXBuildFile; fileRef = 0C4EF9982A7BA19C00539320 /* CoupleSpaceMyPickCollectionCell.swift */; };
		0C4EF99C2A7BF63100539320 /* HeartPickDataSource.swift in Sources */ = {isa = PBXBuildFile; fileRef = 0C4EF99B2A7BF63100539320 /* HeartPickDataSource.swift */; };
		0C4EF99F2A7BF91500539320 /* CoupleSpacePickDataSourceable.swift in Sources */ = {isa = PBXBuildFile; fileRef = 0C4EF99E2A7BF91500539320 /* CoupleSpacePickDataSourceable.swift */; };
		0C4EF9A12A7BFB3700539320 /* MypickDataSource.swift in Sources */ = {isa = PBXBuildFile; fileRef = 0C4EF9A02A7BFB3700539320 /* MypickDataSource.swift */; };
		0C4EF9A42A7CE2EC00539320 /* HeartHubTabBarController.swift in Sources */ = {isa = PBXBuildFile; fileRef = 0C4EF9A32A7CE2EC00539320 /* HeartHubTabBarController.swift */; };
		0C4EF9A82A8233A100539320 /* CoupleSpaceAlbumCell.swift in Sources */ = {isa = PBXBuildFile; fileRef = 0C4EF9A72A8233A100539320 /* CoupleSpaceAlbumCell.swift */; };
		0C4EF9AB2A829E0B00539320 /* CoupleSpaceAlbumViewController.swift in Sources */ = {isa = PBXBuildFile; fileRef = 0C4EF9AA2A829E0B00539320 /* CoupleSpaceAlbumViewController.swift */; };
		0C5929F52A6ADB4500C21570 /* CommunityFloatingButton.swift in Sources */ = {isa = PBXBuildFile; fileRef = 0C5929F42A6ADB4500C21570 /* CommunityFloatingButton.swift */; };
		0C5929F72A6D3EA800C21570 /* PanModalPresentationController.swift in Sources */ = {isa = PBXBuildFile; fileRef = 0C5929F62A6D3EA800C21570 /* PanModalPresentationController.swift */; };
		0C5929FE2A6D481400C21570 /* BlurView.swift in Sources */ = {isa = PBXBuildFile; fileRef = 0C5929FD2A6D481400C21570 /* BlurView.swift */; };
		0C592A012A6D69AF00C21570 /* PanModalTransitioningDelegate.swift in Sources */ = {isa = PBXBuildFile; fileRef = 0C592A002A6D69AF00C21570 /* PanModalTransitioningDelegate.swift */; };
		0C592A042A6D720700C21570 /* PanModalAnimator.swift in Sources */ = {isa = PBXBuildFile; fileRef = 0C592A032A6D720700C21570 /* PanModalAnimator.swift */; };
		0C684F412A77D24000A31865 /* CommunityCellPagingImageView.swift in Sources */ = {isa = PBXBuildFile; fileRef = 0C684F402A77D24000A31865 /* CommunityCellPagingImageView.swift */; };
		0C684F432A77D26600A31865 /* DailyDateImageCell.swift in Sources */ = {isa = PBXBuildFile; fileRef = 0C684F422A77D26600A31865 /* DailyDateImageCell.swift */; };
		0C684F452A77D53200A31865 /* CoupleImageBetweenHeartView.swift in Sources */ = {isa = PBXBuildFile; fileRef = 0C684F442A77D53200A31865 /* CoupleImageBetweenHeartView.swift */; };
		0C684F482A78D4F300A31865 /* HeartHubPageViewController.swift in Sources */ = {isa = PBXBuildFile; fileRef = 0C684F472A78D4F300A31865 /* HeartHubPageViewController.swift */; };
		0C684F4C2A78FA4D00A31865 /* CoupleSpaceMainHeaderView.swift in Sources */ = {isa = PBXBuildFile; fileRef = 0C684F4B2A78FA4D00A31865 /* CoupleSpaceMainHeaderView.swift */; };
		0C6F45492A7002C40044EAC8 /* CommentCellHeaderViewDelegate.swift in Sources */ = {isa = PBXBuildFile; fileRef = 0C6F45482A7002C40044EAC8 /* CommentCellHeaderViewDelegate.swift */; };
		0C6F454B2A7003930044EAC8 /* CommentCell.swift in Sources */ = {isa = PBXBuildFile; fileRef = 0C6F454A2A7003930044EAC8 /* CommentCell.swift */; };
		0C6F454D2A700E9E0044EAC8 /* CommentViewController.swift in Sources */ = {isa = PBXBuildFile; fileRef = 0C6F454C2A700E9E0044EAC8 /* CommentViewController.swift */; };
		0C6F454F2A701D520044EAC8 /* HeartHubProfileImageView.swift in Sources */ = {isa = PBXBuildFile; fileRef = 0C6F454E2A701D520044EAC8 /* HeartHubProfileImageView.swift */; };
		0C6F45512A703B0A0044EAC8 /* PanModalPresentable.swift in Sources */ = {isa = PBXBuildFile; fileRef = 0C6F45502A703B0A0044EAC8 /* PanModalPresentable.swift */; };
		0C6F45532A7384B10044EAC8 /* UIWindow+.swift in Sources */ = {isa = PBXBuildFile; fileRef = 0C6F45522A7384B10044EAC8 /* UIWindow+.swift */; };
		0C809A1E2A56DA57009EC362 /* DailyDateViewController.swift in Sources */ = {isa = PBXBuildFile; fileRef = 0C809A1D2A56DA57009EC362 /* DailyDateViewController.swift */; };
		0CA858B02A6F981D00DFCFD5 /* Reusable.swift in Sources */ = {isa = PBXBuildFile; fileRef = 0CA858AF2A6F981D00DFCFD5 /* Reusable.swift */; };
		0CA858B62A6FB44D00DFCFD5 /* CommunityCellHeaderView.swift in Sources */ = {isa = PBXBuildFile; fileRef = 0CA858B52A6FB44D00DFCFD5 /* CommunityCellHeaderView.swift */; };
		0CA858B82A6FB75B00DFCFD5 /* CommunityCellHeaderViewDelegate.swift in Sources */ = {isa = PBXBuildFile; fileRef = 0CA858B72A6FB75B00DFCFD5 /* CommunityCellHeaderViewDelegate.swift */; };
		0CA858BA2A6FE0EA00DFCFD5 /* CommentCellHeaderView.swift in Sources */ = {isa = PBXBuildFile; fileRef = 0CA858B92A6FE0EA00DFCFD5 /* CommentCellHeaderView.swift */; };
		0CB49BDA2A69234A00C77341 /* LookViewController.swift in Sources */ = {isa = PBXBuildFile; fileRef = 0CB49BD92A69234A00C77341 /* LookViewController.swift */; };
		0CB49BDC2A69237400C77341 /* MockData.swift in Sources */ = {isa = PBXBuildFile; fileRef = 0CB49BDB2A69237400C77341 /* MockData.swift */; };
		0CB49BDF2A69526500C77341 /* LookCell.swift in Sources */ = {isa = PBXBuildFile; fileRef = 0CB49BDE2A69526500C77341 /* LookCell.swift */; };
		0CC33AC22A5281C1001EF4E7 /* AppDelegate.swift in Sources */ = {isa = PBXBuildFile; fileRef = 0CC33AC12A5281C1001EF4E7 /* AppDelegate.swift */; };
		0CC33AC42A5281C1001EF4E7 /* SceneDelegate.swift in Sources */ = {isa = PBXBuildFile; fileRef = 0CC33AC32A5281C1001EF4E7 /* SceneDelegate.swift */; };
		0CC33AC62A5281C1001EF4E7 /* ViewController.swift in Sources */ = {isa = PBXBuildFile; fileRef = 0CC33AC52A5281C1001EF4E7 /* ViewController.swift */; };
		0CC33ACB2A5281C3001EF4E7 /* Assets.xcassets in Resources */ = {isa = PBXBuildFile; fileRef = 0CC33ACA2A5281C3001EF4E7 /* Assets.xcassets */; };
		0CC33ACE2A5281C3001EF4E7 /* LaunchScreen.storyboard in Resources */ = {isa = PBXBuildFile; fileRef = 0CC33ACC2A5281C3001EF4E7 /* LaunchScreen.storyboard */; };
		561462192A6EE50300C0AC1F /* FindIdViewController.swift in Sources */ = {isa = PBXBuildFile; fileRef = 561462182A6EE50300C0AC1F /* FindIdViewController.swift */; };
		5626B2D12A57EEB300477EBC /* LoginViewController.swift in Sources */ = {isa = PBXBuildFile; fileRef = 5626B2D02A57EEB300477EBC /* LoginViewController.swift */; };
		5626B3372A584A3D00477EBC /* SignUpStartDateViewController.swift in Sources */ = {isa = PBXBuildFile; fileRef = 5626B3362A584A3D00477EBC /* SignUpStartDateViewController.swift */; };
		5626B3452A597FA200477EBC /* SignUpProfileViewController.swift in Sources */ = {isa = PBXBuildFile; fileRef = 5626B3442A597FA200477EBC /* SignUpProfileViewController.swift */; };
		5626B34B2A59938700477EBC /* SignUpEnterNickNameEmailViewController.swift in Sources */ = {isa = PBXBuildFile; fileRef = 5626B34A2A59938700477EBC /* SignUpEnterNickNameEmailViewController.swift */; };
		5626B34D2A5993A700477EBC /* SignUpTermAgreeViewController.swift in Sources */ = {isa = PBXBuildFile; fileRef = 5626B34C2A5993A700477EBC /* SignUpTermAgreeViewController.swift */; };
		562ABF4E2A920584006FA182 /* ProfileBlockUserView.swift in Sources */ = {isa = PBXBuildFile; fileRef = 562ABF4D2A920584006FA182 /* ProfileBlockUserView.swift */; };
		562ABF502A920703006FA182 /* AlertButton.swift in Sources */ = {isa = PBXBuildFile; fileRef = 562ABF4F2A920703006FA182 /* AlertButton.swift */; };
		562ABF532A920E1A006FA182 /* ProfileBlockUserViewController.swift in Sources */ = {isa = PBXBuildFile; fileRef = 562ABF522A920E1A006FA182 /* ProfileBlockUserViewController.swift */; };
		562ABF552A921587006FA182 /* ProfileBlockCancelView.swift in Sources */ = {isa = PBXBuildFile; fileRef = 562ABF542A921587006FA182 /* ProfileBlockCancelView.swift */; };
		562ABF572A921659006FA182 /* ProfileBlockCancelViewController.swift in Sources */ = {isa = PBXBuildFile; fileRef = 562ABF562A921659006FA182 /* ProfileBlockCancelViewController.swift */; };
		562ABF592A9217F8006FA182 /* ProfileReportReasonView.swift in Sources */ = {isa = PBXBuildFile; fileRef = 562ABF582A9217F8006FA182 /* ProfileReportReasonView.swift */; };
		562ABF5B2A921809006FA182 /* ProfileReportReasonViewController.swift in Sources */ = {isa = PBXBuildFile; fileRef = 562ABF5A2A921809006FA182 /* ProfileReportReasonViewController.swift */; };
		562ABF5D2A921844006FA182 /* ProfileDoneEditUserStatusView.swift in Sources */ = {isa = PBXBuildFile; fileRef = 562ABF5C2A921844006FA182 /* ProfileDoneEditUserStatusView.swift */; };
		562ABF5F2A92186C006FA182 /* ProfileDoneReportViewController.swift in Sources */ = {isa = PBXBuildFile; fileRef = 562ABF5E2A92186C006FA182 /* ProfileDoneReportViewController.swift */; };
		562ABF632A921894006FA182 /* ProfileDoneBlockViewController.swift in Sources */ = {isa = PBXBuildFile; fileRef = 562ABF622A921894006FA182 /* ProfileDoneBlockViewController.swift */; };
		562ABF652A921C33006FA182 /* ProfileReportReasonTableViewCell.swift in Sources */ = {isa = PBXBuildFile; fileRef = 562ABF642A921C33006FA182 /* ProfileReportReasonTableViewCell.swift */; };
		562ABF672A94005B006FA182 /* ProfileDoneCancelViewController.swift in Sources */ = {isa = PBXBuildFile; fileRef = 562ABF662A94005B006FA182 /* ProfileDoneCancelViewController.swift */; };
		56348A632A631283005BB635 /* FindIdView.swift in Sources */ = {isa = PBXBuildFile; fileRef = 56348A622A631283005BB635 /* FindIdView.swift */; };
		56348A672A6318B0005BB635 /* FindIdPopUpView.swift in Sources */ = {isa = PBXBuildFile; fileRef = 56348A662A6318B0005BB635 /* FindIdPopUpView.swift */; };
		56348A692A6319EA005BB635 /* FindIdPopUpViewController.swift in Sources */ = {isa = PBXBuildFile; fileRef = 56348A682A6319EA005BB635 /* FindIdPopUpViewController.swift */; };
		56348A8F2A6E7ECC005BB635 /* FindPwView.swift in Sources */ = {isa = PBXBuildFile; fileRef = 56348A8E2A6E7ECC005BB635 /* FindPwView.swift */; };
		56348A912A6E8286005BB635 /* FindPwViewController.swift in Sources */ = {isa = PBXBuildFile; fileRef = 56348A902A6E8286005BB635 /* FindPwViewController.swift */; };
		56348A932A6E841E005BB635 /* FindPwPopUpView.swift in Sources */ = {isa = PBXBuildFile; fileRef = 56348A922A6E841E005BB635 /* FindPwPopUpView.swift */; };
		56348A952A6E87BF005BB635 /* FindPwPopUpViewController.swift in Sources */ = {isa = PBXBuildFile; fileRef = 56348A942A6E87BF005BB635 /* FindPwPopUpViewController.swift */; };
		5651FC532A7A65F700965300 /* ProfileViewController.swift in Sources */ = {isa = PBXBuildFile; fileRef = 5651FC522A7A65F700965300 /* ProfileViewController.swift */; };
		5651FC672A7A686000965300 /* ProfilePostImageCollectionViewCell.swift in Sources */ = {isa = PBXBuildFile; fileRef = 5651FC662A7A686000965300 /* ProfilePostImageCollectionViewCell.swift */; };
		5651FC692A7A68D700965300 /* ProfileDailyPostDataModel.swift in Sources */ = {isa = PBXBuildFile; fileRef = 5651FC682A7A68D700965300 /* ProfileDailyPostDataModel.swift */; };
		5651FC6B2A7A68E200965300 /* ProfileDailyPostDataManager.swift in Sources */ = {isa = PBXBuildFile; fileRef = 5651FC6A2A7A68E200965300 /* ProfileDailyPostDataManager.swift */; };
		5651FC6D2A7A69B500965300 /* ProfileUserView.swift in Sources */ = {isa = PBXBuildFile; fileRef = 5651FC6C2A7A69B500965300 /* ProfileUserView.swift */; };
		5651FC6F2A7A69FD00965300 /* ProfileUserDataModel.swift in Sources */ = {isa = PBXBuildFile; fileRef = 5651FC6E2A7A69FD00965300 /* ProfileUserDataModel.swift */; };
		5651FC712A7A6A0700965300 /* ProfileUserDataManager.swift in Sources */ = {isa = PBXBuildFile; fileRef = 5651FC702A7A6A0700965300 /* ProfileUserDataManager.swift */; };
		5651FC7A2A7A7C6A00965300 /* GameBackgroundView.swift in Sources */ = {isa = PBXBuildFile; fileRef = 5651FC792A7A7C6A00965300 /* GameBackgroundView.swift */; };
		5651FC7C2A7A7FB800965300 /* GameViewController.swift in Sources */ = {isa = PBXBuildFile; fileRef = 5651FC7B2A7A7FB800965300 /* GameViewController.swift */; };
		565473CB2A8639D2002F526C /* LoginSelectPageButtonStackView.swift in Sources */ = {isa = PBXBuildFile; fileRef = 565473CA2A8639D2002F526C /* LoginSelectPageButtonStackView.swift */; };
		569013552A7BB32600715D23 /* GameMissionDataManager.swift in Sources */ = {isa = PBXBuildFile; fileRef = 569013542A7BB32600715D23 /* GameMissionDataManager.swift */; };
		5690135D2A7BD75C00715D23 /* DungGeunMo.otf in Resources */ = {isa = PBXBuildFile; fileRef = 5690135C2A7BD75C00715D23 /* DungGeunMo.otf */; };
		5690135F2A7E62A200715D23 /* GamePageViewController.swift in Sources */ = {isa = PBXBuildFile; fileRef = 5690135E2A7E62A200715D23 /* GamePageViewController.swift */; };
		569013612A7E635200715D23 /* GameSegmentControll.swift in Sources */ = {isa = PBXBuildFile; fileRef = 569013602A7E635200715D23 /* GameSegmentControll.swift */; };
		569013652A7E6CFD00715D23 /* GameMissionViewController.swift in Sources */ = {isa = PBXBuildFile; fileRef = 569013642A7E6CFD00715D23 /* GameMissionViewController.swift */; };
		569013672A7E6D0700715D23 /* GameClearViewController.swift in Sources */ = {isa = PBXBuildFile; fileRef = 569013662A7E6D0700715D23 /* GameClearViewController.swift */; };
		5690136B2A7E6FA400715D23 /* GameClearMissionDataManager.swift in Sources */ = {isa = PBXBuildFile; fileRef = 5690136A2A7E6FA400715D23 /* GameClearMissionDataManager.swift */; };
		5690136D2A7FA60800715D23 /* GameClearTableViewCell.swift in Sources */ = {isa = PBXBuildFile; fileRef = 5690136C2A7FA60800715D23 /* GameClearTableViewCell.swift */; };
		5690136F2A7FCC7700715D23 /* LoginBackGroundView.swift in Sources */ = {isa = PBXBuildFile; fileRef = 5690136E2A7FCC7700715D23 /* LoginBackGroundView.swift */; };
		569013712A80004700715D23 /* LoginTextField.swift in Sources */ = {isa = PBXBuildFile; fileRef = 569013702A80004700715D23 /* LoginTextField.swift */; };
		569013732A80167700715D23 /* SignUpBackgroundView.swift in Sources */ = {isa = PBXBuildFile; fileRef = 569013722A80167700715D23 /* SignUpBackgroundView.swift */; };
		569013752A80D7FD00715D23 /* SignUpChangePageButton.swift in Sources */ = {isa = PBXBuildFile; fileRef = 569013742A80D7FD00715D23 /* SignUpChangePageButton.swift */; };
		569013792A80E26500715D23 /* SignUpDateTextField.swift in Sources */ = {isa = PBXBuildFile; fileRef = 569013782A80E26400715D23 /* SignUpDateTextField.swift */; };
		5690137D2A80EEA200715D23 /* SignUpUserInfoTextField.swift in Sources */ = {isa = PBXBuildFile; fileRef = 5690137C2A80EEA200715D23 /* SignUpUserInfoTextField.swift */; };
		569E4EDB2A5C241B00B51898 /* LoginView.swift in Sources */ = {isa = PBXBuildFile; fileRef = 569E4EDA2A5C241B00B51898 /* LoginView.swift */; };
		569E4EE42A5CE18E00B51898 /* SignUpStartDateView.swift in Sources */ = {isa = PBXBuildFile; fileRef = 569E4EE32A5CE18E00B51898 /* SignUpStartDateView.swift */; };
		569E4EE62A5D06C400B51898 /* SignUpProfileView.swift in Sources */ = {isa = PBXBuildFile; fileRef = 569E4EE52A5D06C400B51898 /* SignUpProfileView.swift */; };
		569E4EEB2A5D40E800B51898 /* SignUpEnterNickNameEmailView.swift in Sources */ = {isa = PBXBuildFile; fileRef = 569E4EEA2A5D40E800B51898 /* SignUpEnterNickNameEmailView.swift */; };
		569E4EED2A5D499900B51898 /* SignUpTermAgreeView.swift in Sources */ = {isa = PBXBuildFile; fileRef = 569E4EEC2A5D499900B51898 /* SignUpTermAgreeView.swift */; };
		569E4EFE2A5FC58200B51898 /* Pretendard-Regular.otf in Resources */ = {isa = PBXBuildFile; fileRef = 569E4EFC2A5FC58200B51898 /* Pretendard-Regular.otf */; };
		569E4EFF2A5FC58200B51898 /* Pretendard-SemiBold.otf in Resources */ = {isa = PBXBuildFile; fileRef = 569E4EFD2A5FC58200B51898 /* Pretendard-SemiBold.otf */; };
		56C048772A8A02D7001BAAB5 /* DDayCalculator.swift in Sources */ = {isa = PBXBuildFile; fileRef = 56C048762A8A02D7001BAAB5 /* DDayCalculator.swift */; };
		56C0487C2A8A2CBA001BAAB5 /* SignUpPrivacyTermScrollView.swift in Sources */ = {isa = PBXBuildFile; fileRef = 56C0487B2A8A2CBA001BAAB5 /* SignUpPrivacyTermScrollView.swift */; };
		56C0487E2A8A309C001BAAB5 /* SignUpPrivacyTermViewController.swift in Sources */ = {isa = PBXBuildFile; fileRef = 56C0487D2A8A309C001BAAB5 /* SignUpPrivacyTermViewController.swift */; };
		56C048802A8A4D83001BAAB5 /* SignUpTermOfUseScrollView.swift in Sources */ = {isa = PBXBuildFile; fileRef = 56C0487F2A8A4D83001BAAB5 /* SignUpTermOfUseScrollView.swift */; };
		56C048822A8A501B001BAAB5 /* SignUpTermOfUseViewController.swift in Sources */ = {isa = PBXBuildFile; fileRef = 56C048812A8A501B001BAAB5 /* SignUpTermOfUseViewController.swift */; };
		56C048842A8A7663001BAAB5 /* SignUpDatePicker.swift in Sources */ = {isa = PBXBuildFile; fileRef = 56C048832A8A7663001BAAB5 /* SignUpDatePicker.swift */; };
		56C048892A8A91BE001BAAB5 /* ConnectViewController.swift in Sources */ = {isa = PBXBuildFile; fileRef = 56C048882A8A91BE001BAAB5 /* ConnectViewController.swift */; };
		56C0488B2A8A91DE001BAAB5 /* ConnectView.swift in Sources */ = {isa = PBXBuildFile; fileRef = 56C0488A2A8A91DE001BAAB5 /* ConnectView.swift */; };
		56C0488D2A8A9C5B001BAAB5 /* ConnectCheckPopUpView.swift in Sources */ = {isa = PBXBuildFile; fileRef = 56C0488C2A8A9C5B001BAAB5 /* ConnectCheckPopUpView.swift */; };
		56C0488F2A8AA03A001BAAB5 /* ConnectCheckPopUpViewController.swift in Sources */ = {isa = PBXBuildFile; fileRef = 56C0488E2A8AA03A001BAAB5 /* ConnectCheckPopUpViewController.swift */; };
		56C048912A8ABB99001BAAB5 /* ConnectCompletePopUpView.swift in Sources */ = {isa = PBXBuildFile; fileRef = 56C048902A8ABB99001BAAB5 /* ConnectCompletePopUpView.swift */; };
		56C048932A8ABC88001BAAB5 /* ConnectCompletePopUpViewController.swift in Sources */ = {isa = PBXBuildFile; fileRef = 56C048922A8ABC88001BAAB5 /* ConnectCompletePopUpViewController.swift */; };
		56C048952A8B8083001BAAB5 /* ProfilePostTextCollectionViewCell.swift in Sources */ = {isa = PBXBuildFile; fileRef = 56C048942A8B8083001BAAB5 /* ProfilePostTextCollectionViewCell.swift */; };
		56C048B02A8C9D6D001BAAB5 /* AddPostViewController.swift in Sources */ = {isa = PBXBuildFile; fileRef = 56C048AF2A8C9D6D001BAAB5 /* AddPostViewController.swift */; };
		56C048B22A8C9DF1001BAAB5 /* AddPostView.swift in Sources */ = {isa = PBXBuildFile; fileRef = 56C048B12A8C9DF1001BAAB5 /* AddPostView.swift */; };
		56C048B42A8DBD0E001BAAB5 /* AddPostButton.swift in Sources */ = {isa = PBXBuildFile; fileRef = 56C048B32A8DBD0E001BAAB5 /* AddPostButton.swift */; };
		56D4E6172A814049005215D1 /* SignUpTermTableViewCell.swift in Sources */ = {isa = PBXBuildFile; fileRef = 56D4E6162A814049005215D1 /* SignUpTermTableViewCell.swift */; };
		56DEBEDA2A7A9B24000BC687 /* GameMissionTableViewCell.swift in Sources */ = {isa = PBXBuildFile; fileRef = 56DEBED92A7A9B24000BC687 /* GameMissionTableViewCell.swift */; };
		56DEBEE22A7AAAB8000BC687 /* ProfileDateViewController.swift in Sources */ = {isa = PBXBuildFile; fileRef = 56DEBEE12A7AAAB8000BC687 /* ProfileDateViewController.swift */; };
		56DEBEE42A7AACFC000BC687 /* ProfileLookViewController.swift in Sources */ = {isa = PBXBuildFile; fileRef = 56DEBEE32A7AACFC000BC687 /* ProfileLookViewController.swift */; };
		56DEBEE62A7AAD10000BC687 /* ProfileDailyViewController.swift in Sources */ = {isa = PBXBuildFile; fileRef = 56DEBEE52A7AAD10000BC687 /* ProfileDailyViewController.swift */; };
		56DEBEF22A7AAEEE000BC687 /* ProfileLookPostDataModel.swift in Sources */ = {isa = PBXBuildFile; fileRef = 56DEBEF12A7AAEEE000BC687 /* ProfileLookPostDataModel.swift */; };
		56DEBEF42A7AAEF9000BC687 /* ProfileDatePostDataModel.swift in Sources */ = {isa = PBXBuildFile; fileRef = 56DEBEF32A7AAEF9000BC687 /* ProfileDatePostDataModel.swift */; };
		56DEBEF62A7AAF03000BC687 /* ProfileLookPostDataManager.swift in Sources */ = {isa = PBXBuildFile; fileRef = 56DEBEF52A7AAF03000BC687 /* ProfileLookPostDataManager.swift */; };
		56DEBEF82A7AAF12000BC687 /* ProfileDatePostDataManager.swift in Sources */ = {isa = PBXBuildFile; fileRef = 56DEBEF72A7AAF12000BC687 /* ProfileDatePostDataManager.swift */; };
		CBCF5AADCFBAC5FAE8CF899C /* Pods_HeartHub.framework in Frameworks */ = {isa = PBXBuildFile; fileRef = 1D54B5963AADEBA830899999 /* Pods_HeartHub.framework */; };
/* End PBXBuildFile section */

/* Begin PBXFileReference section */
		0C382E252A5950C700EA08E0 /* CommunitySegmentedControl.swift */ = {isa = PBXFileReference; lastKnownFileType = sourcecode.swift; path = CommunitySegmentedControl.swift; sourceTree = "<group>"; };
		0C382E272A5994A700EA08E0 /* CommunityViewController.swift */ = {isa = PBXFileReference; lastKnownFileType = sourcecode.swift; path = CommunityViewController.swift; sourceTree = "<group>"; };
		0C382E302A5BDB6D00EA08E0 /* CommunityProfileView.swift */ = {isa = PBXFileReference; lastKnownFileType = sourcecode.swift; path = CommunityProfileView.swift; sourceTree = "<group>"; };
		0C382E322A5C564000EA08E0 /* CommunityCellBottomButtonView.swift */ = {isa = PBXFileReference; lastKnownFileType = sourcecode.swift; path = CommunityCellBottomButtonView.swift; sourceTree = "<group>"; };
		0C43F60F2A659C6D00EED860 /* PagingImageCollectionViewCell.swift */ = {isa = PBXFileReference; lastKnownFileType = sourcecode.swift; path = PagingImageCollectionViewCell.swift; sourceTree = "<group>"; };
		0C4D32F62A6823A600AD5EFF /* DailyDateNoImageCell.swift */ = {isa = PBXFileReference; lastKnownFileType = sourcecode.swift; path = DailyDateNoImageCell.swift; sourceTree = "<group>"; };
		0C4D32F82A6825FF00AD5EFF /* CommunityCellable.swift */ = {isa = PBXFileReference; lastKnownFileType = sourcecode.swift; path = CommunityCellable.swift; sourceTree = "<group>"; };
		0C4D32FC2A68312C00AD5EFF /* CommunityCellDelegate.swift */ = {isa = PBXFileReference; lastKnownFileType = sourcecode.swift; path = CommunityCellDelegate.swift; sourceTree = "<group>"; };
		0C4D32FE2A68315B00AD5EFF /* CommunityProfileViewDelegate.swift */ = {isa = PBXFileReference; lastKnownFileType = sourcecode.swift; path = CommunityProfileViewDelegate.swift; sourceTree = "<group>"; };
		0C4D33002A68317200AD5EFF /* CommunityCellBottomButtonViewDelegate.swift */ = {isa = PBXFileReference; lastKnownFileType = sourcecode.swift; path = CommunityCellBottomButtonViewDelegate.swift; sourceTree = "<group>"; };
		0C4EF98D2A7A2BF500539320 /* CoupleSpaceMainButtonView.swift */ = {isa = PBXFileReference; lastKnownFileType = sourcecode.swift; path = CoupleSpaceMainButtonView.swift; sourceTree = "<group>"; };
		0C4EF98F2A7A430000539320 /* CoupleSpaceMainViewController.swift */ = {isa = PBXFileReference; lastKnownFileType = sourcecode.swift; path = CoupleSpaceMainViewController.swift; sourceTree = "<group>"; };
		0C4EF9932A7B7F3B00539320 /* CoupleSpacePickCollectionViewController.swift */ = {isa = PBXFileReference; lastKnownFileType = sourcecode.swift; path = CoupleSpacePickCollectionViewController.swift; sourceTree = "<group>"; };
		0C4EF9962A7B966F00539320 /* CoupleSpaceHeartPickCollectionCell.swift */ = {isa = PBXFileReference; lastKnownFileType = sourcecode.swift; path = CoupleSpaceHeartPickCollectionCell.swift; sourceTree = "<group>"; };
		0C4EF9982A7BA19C00539320 /* CoupleSpaceMyPickCollectionCell.swift */ = {isa = PBXFileReference; lastKnownFileType = sourcecode.swift; path = CoupleSpaceMyPickCollectionCell.swift; sourceTree = "<group>"; };
		0C4EF99B2A7BF63100539320 /* HeartPickDataSource.swift */ = {isa = PBXFileReference; lastKnownFileType = sourcecode.swift; path = HeartPickDataSource.swift; sourceTree = "<group>"; };
		0C4EF99E2A7BF91500539320 /* CoupleSpacePickDataSourceable.swift */ = {isa = PBXFileReference; lastKnownFileType = sourcecode.swift; path = CoupleSpacePickDataSourceable.swift; sourceTree = "<group>"; };
		0C4EF9A02A7BFB3700539320 /* MypickDataSource.swift */ = {isa = PBXFileReference; lastKnownFileType = sourcecode.swift; path = MypickDataSource.swift; sourceTree = "<group>"; };
		0C4EF9A32A7CE2EC00539320 /* HeartHubTabBarController.swift */ = {isa = PBXFileReference; lastKnownFileType = sourcecode.swift; path = HeartHubTabBarController.swift; sourceTree = "<group>"; };
		0C4EF9A72A8233A100539320 /* CoupleSpaceAlbumCell.swift */ = {isa = PBXFileReference; lastKnownFileType = sourcecode.swift; path = CoupleSpaceAlbumCell.swift; sourceTree = "<group>"; };
		0C4EF9AA2A829E0B00539320 /* CoupleSpaceAlbumViewController.swift */ = {isa = PBXFileReference; lastKnownFileType = sourcecode.swift; path = CoupleSpaceAlbumViewController.swift; sourceTree = "<group>"; };
		0C5929F42A6ADB4500C21570 /* CommunityFloatingButton.swift */ = {isa = PBXFileReference; lastKnownFileType = sourcecode.swift; path = CommunityFloatingButton.swift; sourceTree = "<group>"; };
		0C5929F62A6D3EA800C21570 /* PanModalPresentationController.swift */ = {isa = PBXFileReference; lastKnownFileType = sourcecode.swift; path = PanModalPresentationController.swift; sourceTree = "<group>"; };
		0C5929FD2A6D481400C21570 /* BlurView.swift */ = {isa = PBXFileReference; lastKnownFileType = sourcecode.swift; path = BlurView.swift; sourceTree = "<group>"; };
		0C592A002A6D69AF00C21570 /* PanModalTransitioningDelegate.swift */ = {isa = PBXFileReference; lastKnownFileType = sourcecode.swift; path = PanModalTransitioningDelegate.swift; sourceTree = "<group>"; };
		0C592A032A6D720700C21570 /* PanModalAnimator.swift */ = {isa = PBXFileReference; lastKnownFileType = sourcecode.swift; path = PanModalAnimator.swift; sourceTree = "<group>"; };
		0C684F402A77D24000A31865 /* CommunityCellPagingImageView.swift */ = {isa = PBXFileReference; fileEncoding = 4; lastKnownFileType = sourcecode.swift; path = CommunityCellPagingImageView.swift; sourceTree = "<group>"; };
		0C684F422A77D26600A31865 /* DailyDateImageCell.swift */ = {isa = PBXFileReference; fileEncoding = 4; lastKnownFileType = sourcecode.swift; path = DailyDateImageCell.swift; sourceTree = "<group>"; };
		0C684F442A77D53200A31865 /* CoupleImageBetweenHeartView.swift */ = {isa = PBXFileReference; lastKnownFileType = sourcecode.swift; path = CoupleImageBetweenHeartView.swift; sourceTree = "<group>"; };
		0C684F472A78D4F300A31865 /* HeartHubPageViewController.swift */ = {isa = PBXFileReference; lastKnownFileType = sourcecode.swift; path = HeartHubPageViewController.swift; sourceTree = "<group>"; };
		0C684F4B2A78FA4D00A31865 /* CoupleSpaceMainHeaderView.swift */ = {isa = PBXFileReference; lastKnownFileType = sourcecode.swift; path = CoupleSpaceMainHeaderView.swift; sourceTree = "<group>"; };
		0C6F45482A7002C40044EAC8 /* CommentCellHeaderViewDelegate.swift */ = {isa = PBXFileReference; lastKnownFileType = sourcecode.swift; path = CommentCellHeaderViewDelegate.swift; sourceTree = "<group>"; };
		0C6F454A2A7003930044EAC8 /* CommentCell.swift */ = {isa = PBXFileReference; lastKnownFileType = sourcecode.swift; path = CommentCell.swift; sourceTree = "<group>"; };
		0C6F454C2A700E9E0044EAC8 /* CommentViewController.swift */ = {isa = PBXFileReference; lastKnownFileType = sourcecode.swift; path = CommentViewController.swift; sourceTree = "<group>"; };
		0C6F454E2A701D520044EAC8 /* HeartHubProfileImageView.swift */ = {isa = PBXFileReference; lastKnownFileType = sourcecode.swift; path = HeartHubProfileImageView.swift; sourceTree = "<group>"; };
		0C6F45502A703B0A0044EAC8 /* PanModalPresentable.swift */ = {isa = PBXFileReference; lastKnownFileType = sourcecode.swift; path = PanModalPresentable.swift; sourceTree = "<group>"; };
		0C6F45522A7384B10044EAC8 /* UIWindow+.swift */ = {isa = PBXFileReference; lastKnownFileType = sourcecode.swift; path = "UIWindow+.swift"; sourceTree = "<group>"; };
		0C809A1D2A56DA57009EC362 /* DailyDateViewController.swift */ = {isa = PBXFileReference; lastKnownFileType = sourcecode.swift; path = DailyDateViewController.swift; sourceTree = "<group>"; };
		0CA858AF2A6F981D00DFCFD5 /* Reusable.swift */ = {isa = PBXFileReference; lastKnownFileType = sourcecode.swift; path = Reusable.swift; sourceTree = "<group>"; };
		0CA858B52A6FB44D00DFCFD5 /* CommunityCellHeaderView.swift */ = {isa = PBXFileReference; lastKnownFileType = sourcecode.swift; path = CommunityCellHeaderView.swift; sourceTree = "<group>"; };
		0CA858B72A6FB75B00DFCFD5 /* CommunityCellHeaderViewDelegate.swift */ = {isa = PBXFileReference; lastKnownFileType = sourcecode.swift; path = CommunityCellHeaderViewDelegate.swift; sourceTree = "<group>"; };
		0CA858B92A6FE0EA00DFCFD5 /* CommentCellHeaderView.swift */ = {isa = PBXFileReference; lastKnownFileType = sourcecode.swift; path = CommentCellHeaderView.swift; sourceTree = "<group>"; };
		0CB49BD92A69234A00C77341 /* LookViewController.swift */ = {isa = PBXFileReference; lastKnownFileType = sourcecode.swift; path = LookViewController.swift; sourceTree = "<group>"; };
		0CB49BDB2A69237400C77341 /* MockData.swift */ = {isa = PBXFileReference; lastKnownFileType = sourcecode.swift; path = MockData.swift; sourceTree = "<group>"; };
		0CB49BDE2A69526500C77341 /* LookCell.swift */ = {isa = PBXFileReference; lastKnownFileType = sourcecode.swift; path = LookCell.swift; sourceTree = "<group>"; };
		0CC33ABE2A5281C1001EF4E7 /* HeartHub.app */ = {isa = PBXFileReference; explicitFileType = wrapper.application; includeInIndex = 0; path = HeartHub.app; sourceTree = BUILT_PRODUCTS_DIR; };
		0CC33AC12A5281C1001EF4E7 /* AppDelegate.swift */ = {isa = PBXFileReference; lastKnownFileType = sourcecode.swift; path = AppDelegate.swift; sourceTree = "<group>"; };
		0CC33AC32A5281C1001EF4E7 /* SceneDelegate.swift */ = {isa = PBXFileReference; lastKnownFileType = sourcecode.swift; path = SceneDelegate.swift; sourceTree = "<group>"; };
		0CC33AC52A5281C1001EF4E7 /* ViewController.swift */ = {isa = PBXFileReference; lastKnownFileType = sourcecode.swift; path = ViewController.swift; sourceTree = "<group>"; };
		0CC33ACA2A5281C3001EF4E7 /* Assets.xcassets */ = {isa = PBXFileReference; lastKnownFileType = folder.assetcatalog; path = Assets.xcassets; sourceTree = "<group>"; };
		0CC33ACD2A5281C3001EF4E7 /* Base */ = {isa = PBXFileReference; lastKnownFileType = file.storyboard; name = Base; path = Base.lproj/LaunchScreen.storyboard; sourceTree = "<group>"; };
		0CC33ACF2A5281C3001EF4E7 /* Info.plist */ = {isa = PBXFileReference; lastKnownFileType = text.plist.xml; path = Info.plist; sourceTree = "<group>"; };
		15B862B20CFD240D7E3F016F /* Pods-HeartHub.debug.xcconfig */ = {isa = PBXFileReference; includeInIndex = 1; lastKnownFileType = text.xcconfig; name = "Pods-HeartHub.debug.xcconfig"; path = "Target Support Files/Pods-HeartHub/Pods-HeartHub.debug.xcconfig"; sourceTree = "<group>"; };
		1D54B5963AADEBA830899999 /* Pods_HeartHub.framework */ = {isa = PBXFileReference; explicitFileType = wrapper.framework; includeInIndex = 0; path = Pods_HeartHub.framework; sourceTree = BUILT_PRODUCTS_DIR; };
		561462182A6EE50300C0AC1F /* FindIdViewController.swift */ = {isa = PBXFileReference; fileEncoding = 4; lastKnownFileType = sourcecode.swift; path = FindIdViewController.swift; sourceTree = "<group>"; };
		5626B2D02A57EEB300477EBC /* LoginViewController.swift */ = {isa = PBXFileReference; lastKnownFileType = sourcecode.swift; path = LoginViewController.swift; sourceTree = "<group>"; };
		5626B3362A584A3D00477EBC /* SignUpStartDateViewController.swift */ = {isa = PBXFileReference; lastKnownFileType = sourcecode.swift; path = SignUpStartDateViewController.swift; sourceTree = "<group>"; };
		5626B3442A597FA200477EBC /* SignUpProfileViewController.swift */ = {isa = PBXFileReference; lastKnownFileType = sourcecode.swift; path = SignUpProfileViewController.swift; sourceTree = "<group>"; };
		5626B34A2A59938700477EBC /* SignUpEnterNickNameEmailViewController.swift */ = {isa = PBXFileReference; lastKnownFileType = sourcecode.swift; path = SignUpEnterNickNameEmailViewController.swift; sourceTree = "<group>"; };
		5626B34C2A5993A700477EBC /* SignUpTermAgreeViewController.swift */ = {isa = PBXFileReference; lastKnownFileType = sourcecode.swift; path = SignUpTermAgreeViewController.swift; sourceTree = "<group>"; };
		562ABF4D2A920584006FA182 /* ProfileBlockUserView.swift */ = {isa = PBXFileReference; lastKnownFileType = sourcecode.swift; path = ProfileBlockUserView.swift; sourceTree = "<group>"; };
		562ABF4F2A920703006FA182 /* AlertButton.swift */ = {isa = PBXFileReference; lastKnownFileType = sourcecode.swift; path = AlertButton.swift; sourceTree = "<group>"; };
		562ABF522A920E1A006FA182 /* ProfileBlockUserViewController.swift */ = {isa = PBXFileReference; lastKnownFileType = sourcecode.swift; path = ProfileBlockUserViewController.swift; sourceTree = "<group>"; };
		562ABF542A921587006FA182 /* ProfileBlockCancelView.swift */ = {isa = PBXFileReference; lastKnownFileType = sourcecode.swift; path = ProfileBlockCancelView.swift; sourceTree = "<group>"; };
		562ABF562A921659006FA182 /* ProfileBlockCancelViewController.swift */ = {isa = PBXFileReference; lastKnownFileType = sourcecode.swift; path = ProfileBlockCancelViewController.swift; sourceTree = "<group>"; };
		562ABF582A9217F8006FA182 /* ProfileReportReasonView.swift */ = {isa = PBXFileReference; lastKnownFileType = sourcecode.swift; path = ProfileReportReasonView.swift; sourceTree = "<group>"; };
		562ABF5A2A921809006FA182 /* ProfileReportReasonViewController.swift */ = {isa = PBXFileReference; lastKnownFileType = sourcecode.swift; path = ProfileReportReasonViewController.swift; sourceTree = "<group>"; };
		562ABF5C2A921844006FA182 /* ProfileDoneEditUserStatusView.swift */ = {isa = PBXFileReference; lastKnownFileType = sourcecode.swift; path = ProfileDoneEditUserStatusView.swift; sourceTree = "<group>"; };
		562ABF5E2A92186C006FA182 /* ProfileDoneReportViewController.swift */ = {isa = PBXFileReference; lastKnownFileType = sourcecode.swift; path = ProfileDoneReportViewController.swift; sourceTree = "<group>"; };
		562ABF622A921894006FA182 /* ProfileDoneBlockViewController.swift */ = {isa = PBXFileReference; lastKnownFileType = sourcecode.swift; path = ProfileDoneBlockViewController.swift; sourceTree = "<group>"; };
		562ABF642A921C33006FA182 /* ProfileReportReasonTableViewCell.swift */ = {isa = PBXFileReference; lastKnownFileType = sourcecode.swift; path = ProfileReportReasonTableViewCell.swift; sourceTree = "<group>"; };
		562ABF662A94005B006FA182 /* ProfileDoneCancelViewController.swift */ = {isa = PBXFileReference; lastKnownFileType = sourcecode.swift; path = ProfileDoneCancelViewController.swift; sourceTree = "<group>"; };
		56348A622A631283005BB635 /* FindIdView.swift */ = {isa = PBXFileReference; lastKnownFileType = sourcecode.swift; path = FindIdView.swift; sourceTree = "<group>"; };
		56348A662A6318B0005BB635 /* FindIdPopUpView.swift */ = {isa = PBXFileReference; lastKnownFileType = sourcecode.swift; path = FindIdPopUpView.swift; sourceTree = "<group>"; };
		56348A682A6319EA005BB635 /* FindIdPopUpViewController.swift */ = {isa = PBXFileReference; lastKnownFileType = sourcecode.swift; path = FindIdPopUpViewController.swift; sourceTree = "<group>"; };
		56348A8E2A6E7ECC005BB635 /* FindPwView.swift */ = {isa = PBXFileReference; lastKnownFileType = sourcecode.swift; path = FindPwView.swift; sourceTree = "<group>"; };
		56348A902A6E8286005BB635 /* FindPwViewController.swift */ = {isa = PBXFileReference; lastKnownFileType = sourcecode.swift; path = FindPwViewController.swift; sourceTree = "<group>"; };
		56348A922A6E841E005BB635 /* FindPwPopUpView.swift */ = {isa = PBXFileReference; lastKnownFileType = sourcecode.swift; path = FindPwPopUpView.swift; sourceTree = "<group>"; };
		56348A942A6E87BF005BB635 /* FindPwPopUpViewController.swift */ = {isa = PBXFileReference; lastKnownFileType = sourcecode.swift; path = FindPwPopUpViewController.swift; sourceTree = "<group>"; };
		5651FC522A7A65F700965300 /* ProfileViewController.swift */ = {isa = PBXFileReference; lastKnownFileType = sourcecode.swift; path = ProfileViewController.swift; sourceTree = "<group>"; };
		5651FC662A7A686000965300 /* ProfilePostImageCollectionViewCell.swift */ = {isa = PBXFileReference; lastKnownFileType = sourcecode.swift; path = ProfilePostImageCollectionViewCell.swift; sourceTree = "<group>"; };
		5651FC682A7A68D700965300 /* ProfileDailyPostDataModel.swift */ = {isa = PBXFileReference; lastKnownFileType = sourcecode.swift; path = ProfileDailyPostDataModel.swift; sourceTree = "<group>"; };
		5651FC6A2A7A68E200965300 /* ProfileDailyPostDataManager.swift */ = {isa = PBXFileReference; lastKnownFileType = sourcecode.swift; path = ProfileDailyPostDataManager.swift; sourceTree = "<group>"; };
		5651FC6C2A7A69B500965300 /* ProfileUserView.swift */ = {isa = PBXFileReference; lastKnownFileType = sourcecode.swift; path = ProfileUserView.swift; sourceTree = "<group>"; };
		5651FC6E2A7A69FD00965300 /* ProfileUserDataModel.swift */ = {isa = PBXFileReference; lastKnownFileType = sourcecode.swift; path = ProfileUserDataModel.swift; sourceTree = "<group>"; };
		5651FC702A7A6A0700965300 /* ProfileUserDataManager.swift */ = {isa = PBXFileReference; lastKnownFileType = sourcecode.swift; path = ProfileUserDataManager.swift; sourceTree = "<group>"; };
		5651FC792A7A7C6A00965300 /* GameBackgroundView.swift */ = {isa = PBXFileReference; lastKnownFileType = sourcecode.swift; path = GameBackgroundView.swift; sourceTree = "<group>"; };
		5651FC7B2A7A7FB800965300 /* GameViewController.swift */ = {isa = PBXFileReference; lastKnownFileType = sourcecode.swift; path = GameViewController.swift; sourceTree = "<group>"; };
		565473CA2A8639D2002F526C /* LoginSelectPageButtonStackView.swift */ = {isa = PBXFileReference; lastKnownFileType = sourcecode.swift; path = LoginSelectPageButtonStackView.swift; sourceTree = "<group>"; };
		569013542A7BB32600715D23 /* GameMissionDataManager.swift */ = {isa = PBXFileReference; lastKnownFileType = sourcecode.swift; path = GameMissionDataManager.swift; sourceTree = "<group>"; };
		5690135C2A7BD75C00715D23 /* DungGeunMo.otf */ = {isa = PBXFileReference; lastKnownFileType = file; path = DungGeunMo.otf; sourceTree = "<group>"; };
		5690135E2A7E62A200715D23 /* GamePageViewController.swift */ = {isa = PBXFileReference; lastKnownFileType = sourcecode.swift; path = GamePageViewController.swift; sourceTree = "<group>"; };
		569013602A7E635200715D23 /* GameSegmentControll.swift */ = {isa = PBXFileReference; lastKnownFileType = sourcecode.swift; path = GameSegmentControll.swift; sourceTree = "<group>"; };
		569013642A7E6CFD00715D23 /* GameMissionViewController.swift */ = {isa = PBXFileReference; lastKnownFileType = sourcecode.swift; path = GameMissionViewController.swift; sourceTree = "<group>"; };
		569013662A7E6D0700715D23 /* GameClearViewController.swift */ = {isa = PBXFileReference; lastKnownFileType = sourcecode.swift; path = GameClearViewController.swift; sourceTree = "<group>"; };
		5690136A2A7E6FA400715D23 /* GameClearMissionDataManager.swift */ = {isa = PBXFileReference; lastKnownFileType = sourcecode.swift; path = GameClearMissionDataManager.swift; sourceTree = "<group>"; };
		5690136C2A7FA60800715D23 /* GameClearTableViewCell.swift */ = {isa = PBXFileReference; lastKnownFileType = sourcecode.swift; path = GameClearTableViewCell.swift; sourceTree = "<group>"; };
		5690136E2A7FCC7700715D23 /* LoginBackGroundView.swift */ = {isa = PBXFileReference; lastKnownFileType = sourcecode.swift; path = LoginBackGroundView.swift; sourceTree = "<group>"; };
		569013702A80004700715D23 /* LoginTextField.swift */ = {isa = PBXFileReference; lastKnownFileType = sourcecode.swift; path = LoginTextField.swift; sourceTree = "<group>"; };
		569013722A80167700715D23 /* SignUpBackgroundView.swift */ = {isa = PBXFileReference; lastKnownFileType = sourcecode.swift; path = SignUpBackgroundView.swift; sourceTree = "<group>"; };
		569013742A80D7FD00715D23 /* SignUpChangePageButton.swift */ = {isa = PBXFileReference; lastKnownFileType = sourcecode.swift; path = SignUpChangePageButton.swift; sourceTree = "<group>"; };
		569013782A80E26400715D23 /* SignUpDateTextField.swift */ = {isa = PBXFileReference; lastKnownFileType = sourcecode.swift; path = SignUpDateTextField.swift; sourceTree = "<group>"; };
		5690137C2A80EEA200715D23 /* SignUpUserInfoTextField.swift */ = {isa = PBXFileReference; lastKnownFileType = sourcecode.swift; path = SignUpUserInfoTextField.swift; sourceTree = "<group>"; };
		569E4EDA2A5C241B00B51898 /* LoginView.swift */ = {isa = PBXFileReference; lastKnownFileType = sourcecode.swift; path = LoginView.swift; sourceTree = "<group>"; };
		569E4EE32A5CE18E00B51898 /* SignUpStartDateView.swift */ = {isa = PBXFileReference; lastKnownFileType = sourcecode.swift; path = SignUpStartDateView.swift; sourceTree = "<group>"; };
		569E4EE52A5D06C400B51898 /* SignUpProfileView.swift */ = {isa = PBXFileReference; lastKnownFileType = sourcecode.swift; path = SignUpProfileView.swift; sourceTree = "<group>"; };
		569E4EEA2A5D40E800B51898 /* SignUpEnterNickNameEmailView.swift */ = {isa = PBXFileReference; lastKnownFileType = sourcecode.swift; path = SignUpEnterNickNameEmailView.swift; sourceTree = "<group>"; };
		569E4EEC2A5D499900B51898 /* SignUpTermAgreeView.swift */ = {isa = PBXFileReference; lastKnownFileType = sourcecode.swift; path = SignUpTermAgreeView.swift; sourceTree = "<group>"; };
		569E4EFC2A5FC58200B51898 /* Pretendard-Regular.otf */ = {isa = PBXFileReference; lastKnownFileType = file; path = "Pretendard-Regular.otf"; sourceTree = "<group>"; };
		569E4EFD2A5FC58200B51898 /* Pretendard-SemiBold.otf */ = {isa = PBXFileReference; lastKnownFileType = file; path = "Pretendard-SemiBold.otf"; sourceTree = "<group>"; };
		56C048762A8A02D7001BAAB5 /* DDayCalculator.swift */ = {isa = PBXFileReference; lastKnownFileType = sourcecode.swift; path = DDayCalculator.swift; sourceTree = "<group>"; };
		56C0487B2A8A2CBA001BAAB5 /* SignUpPrivacyTermScrollView.swift */ = {isa = PBXFileReference; lastKnownFileType = sourcecode.swift; name = SignUpPrivacyTermScrollView.swift; path = HeartHub/Sources/SignUpScene/View/ComponentView/SignUpPrivacyTermScrollView.swift; sourceTree = SOURCE_ROOT; };
		56C0487D2A8A309C001BAAB5 /* SignUpPrivacyTermViewController.swift */ = {isa = PBXFileReference; lastKnownFileType = sourcecode.swift; path = SignUpPrivacyTermViewController.swift; sourceTree = "<group>"; };
		56C0487F2A8A4D83001BAAB5 /* SignUpTermOfUseScrollView.swift */ = {isa = PBXFileReference; lastKnownFileType = sourcecode.swift; path = SignUpTermOfUseScrollView.swift; sourceTree = "<group>"; };
		56C048812A8A501B001BAAB5 /* SignUpTermOfUseViewController.swift */ = {isa = PBXFileReference; lastKnownFileType = sourcecode.swift; path = SignUpTermOfUseViewController.swift; sourceTree = "<group>"; };
		56C048832A8A7663001BAAB5 /* SignUpDatePicker.swift */ = {isa = PBXFileReference; lastKnownFileType = sourcecode.swift; path = SignUpDatePicker.swift; sourceTree = "<group>"; };
		56C048882A8A91BE001BAAB5 /* ConnectViewController.swift */ = {isa = PBXFileReference; lastKnownFileType = sourcecode.swift; path = ConnectViewController.swift; sourceTree = "<group>"; };
		56C0488A2A8A91DE001BAAB5 /* ConnectView.swift */ = {isa = PBXFileReference; lastKnownFileType = sourcecode.swift; path = ConnectView.swift; sourceTree = "<group>"; };
		56C0488C2A8A9C5B001BAAB5 /* ConnectCheckPopUpView.swift */ = {isa = PBXFileReference; lastKnownFileType = sourcecode.swift; path = ConnectCheckPopUpView.swift; sourceTree = "<group>"; };
		56C0488E2A8AA03A001BAAB5 /* ConnectCheckPopUpViewController.swift */ = {isa = PBXFileReference; lastKnownFileType = sourcecode.swift; path = ConnectCheckPopUpViewController.swift; sourceTree = "<group>"; };
		56C048902A8ABB99001BAAB5 /* ConnectCompletePopUpView.swift */ = {isa = PBXFileReference; lastKnownFileType = sourcecode.swift; path = ConnectCompletePopUpView.swift; sourceTree = "<group>"; };
		56C048922A8ABC88001BAAB5 /* ConnectCompletePopUpViewController.swift */ = {isa = PBXFileReference; lastKnownFileType = sourcecode.swift; path = ConnectCompletePopUpViewController.swift; sourceTree = "<group>"; };
		56C048942A8B8083001BAAB5 /* ProfilePostTextCollectionViewCell.swift */ = {isa = PBXFileReference; lastKnownFileType = sourcecode.swift; path = ProfilePostTextCollectionViewCell.swift; sourceTree = "<group>"; };
		56C048AF2A8C9D6D001BAAB5 /* AddPostViewController.swift */ = {isa = PBXFileReference; lastKnownFileType = sourcecode.swift; path = AddPostViewController.swift; sourceTree = "<group>"; };
		56C048B12A8C9DF1001BAAB5 /* AddPostView.swift */ = {isa = PBXFileReference; lastKnownFileType = sourcecode.swift; path = AddPostView.swift; sourceTree = "<group>"; };
		56C048B32A8DBD0E001BAAB5 /* AddPostButton.swift */ = {isa = PBXFileReference; lastKnownFileType = sourcecode.swift; path = AddPostButton.swift; sourceTree = "<group>"; };
		56D4E6162A814049005215D1 /* SignUpTermTableViewCell.swift */ = {isa = PBXFileReference; lastKnownFileType = sourcecode.swift; path = SignUpTermTableViewCell.swift; sourceTree = "<group>"; };
		56DEBED92A7A9B24000BC687 /* GameMissionTableViewCell.swift */ = {isa = PBXFileReference; lastKnownFileType = sourcecode.swift; path = GameMissionTableViewCell.swift; sourceTree = "<group>"; };
		56DEBEE12A7AAAB8000BC687 /* ProfileDateViewController.swift */ = {isa = PBXFileReference; lastKnownFileType = sourcecode.swift; path = ProfileDateViewController.swift; sourceTree = "<group>"; };
		56DEBEE32A7AACFC000BC687 /* ProfileLookViewController.swift */ = {isa = PBXFileReference; lastKnownFileType = sourcecode.swift; path = ProfileLookViewController.swift; sourceTree = "<group>"; };
		56DEBEE52A7AAD10000BC687 /* ProfileDailyViewController.swift */ = {isa = PBXFileReference; lastKnownFileType = sourcecode.swift; path = ProfileDailyViewController.swift; sourceTree = "<group>"; };
		56DEBEF12A7AAEEE000BC687 /* ProfileLookPostDataModel.swift */ = {isa = PBXFileReference; lastKnownFileType = sourcecode.swift; path = ProfileLookPostDataModel.swift; sourceTree = "<group>"; };
		56DEBEF32A7AAEF9000BC687 /* ProfileDatePostDataModel.swift */ = {isa = PBXFileReference; lastKnownFileType = sourcecode.swift; path = ProfileDatePostDataModel.swift; sourceTree = "<group>"; };
		56DEBEF52A7AAF03000BC687 /* ProfileLookPostDataManager.swift */ = {isa = PBXFileReference; lastKnownFileType = sourcecode.swift; path = ProfileLookPostDataManager.swift; sourceTree = "<group>"; };
		56DEBEF72A7AAF12000BC687 /* ProfileDatePostDataManager.swift */ = {isa = PBXFileReference; lastKnownFileType = sourcecode.swift; path = ProfileDatePostDataManager.swift; sourceTree = "<group>"; };
		9B22F018AA19302771485F16 /* Pods-HeartHub.release.xcconfig */ = {isa = PBXFileReference; includeInIndex = 1; lastKnownFileType = text.xcconfig; name = "Pods-HeartHub.release.xcconfig"; path = "Target Support Files/Pods-HeartHub/Pods-HeartHub.release.xcconfig"; sourceTree = "<group>"; };
/* End PBXFileReference section */

/* Begin PBXFrameworksBuildPhase section */
		0CC33ABB2A5281C1001EF4E7 /* Frameworks */ = {
			isa = PBXFrameworksBuildPhase;
			buildActionMask = 2147483647;
			files = (
				CBCF5AADCFBAC5FAE8CF899C /* Pods_HeartHub.framework in Frameworks */,
			);
			runOnlyForDeploymentPostprocessing = 0;
		};
/* End PBXFrameworksBuildPhase section */

/* Begin PBXGroup section */
		07263ABD750EA948E9BD0F4F /* Frameworks */ = {
			isa = PBXGroup;
			children = (
				1D54B5963AADEBA830899999 /* Pods_HeartHub.framework */,
			);
			name = Frameworks;
			sourceTree = "<unknown>";
		};
		0C382E242A5950AF00EA08E0 /* View */ = {
			isa = PBXGroup;
			children = (
				0C382E252A5950C700EA08E0 /* CommunitySegmentedControl.swift */,
				0C382E302A5BDB6D00EA08E0 /* CommunityProfileView.swift */,
				0CA858B52A6FB44D00DFCFD5 /* CommunityCellHeaderView.swift */,
				0C382E322A5C564000EA08E0 /* CommunityCellBottomButtonView.swift */,
				0C5929F42A6ADB4500C21570 /* CommunityFloatingButton.swift */,
				0C43F60E2A659C4E00EED860 /* CommunityCellPagingImageView */,
			);
			path = View;
			sourceTree = "<group>";
		};
		0C382E292A59A1F100EA08E0 /* Controller */ = {
			isa = PBXGroup;
			children = (
				0C382E272A5994A700EA08E0 /* CommunityViewController.swift */,
			);
			path = Controller;
			sourceTree = "<group>";
		};
		0C382E2A2A5B016800EA08E0 /* DailyDateScene */ = {
			isa = PBXGroup;
			children = (
				0C43F6162A6676AB00EED860 /* View */,
				0C382E2B2A5B018D00EA08E0 /* Controller */,
			);
			path = DailyDateScene;
			sourceTree = "<group>";
		};
		0C382E2B2A5B018D00EA08E0 /* Controller */ = {
			isa = PBXGroup;
			children = (
				0C809A1D2A56DA57009EC362 /* DailyDateViewController.swift */,
			);
			path = Controller;
			sourceTree = "<group>";
		};
		0C43F60E2A659C4E00EED860 /* CommunityCellPagingImageView */ = {
			isa = PBXGroup;
			children = (
				0C684F402A77D24000A31865 /* CommunityCellPagingImageView.swift */,
				0C43F60F2A659C6D00EED860 /* PagingImageCollectionViewCell.swift */,
			);
			path = CommunityCellPagingImageView;
			sourceTree = "<group>";
		};
		0C43F6112A659CB000EED860 /* Util */ = {
			isa = PBXGroup;
			children = (
				0CA858AF2A6F981D00DFCFD5 /* Reusable.swift */,
				0CB49BDB2A69237400C77341 /* MockData.swift */,
				0C6F45522A7384B10044EAC8 /* UIWindow+.swift */,
			);
			path = Util;
			sourceTree = "<group>";
		};
		0C43F6162A6676AB00EED860 /* View */ = {
			isa = PBXGroup;
			children = (
				0C43F6172A6676B500EED860 /* DailyDateCell */,
			);
			path = View;
			sourceTree = "<group>";
		};
		0C43F6172A6676B500EED860 /* DailyDateCell */ = {
			isa = PBXGroup;
			children = (
				0C684F422A77D26600A31865 /* DailyDateImageCell.swift */,
				0C4D32F62A6823A600AD5EFF /* DailyDateNoImageCell.swift */,
			);
			path = DailyDateCell;
			sourceTree = "<group>";
		};
		0C4D32FB2A6830F000AD5EFF /* Protocol */ = {
			isa = PBXGroup;
			children = (
				0C4D32FE2A68315B00AD5EFF /* CommunityProfileViewDelegate.swift */,
				0C4D33002A68317200AD5EFF /* CommunityCellBottomButtonViewDelegate.swift */,
				0CA858B72A6FB75B00DFCFD5 /* CommunityCellHeaderViewDelegate.swift */,
				0C4D32F82A6825FF00AD5EFF /* CommunityCellable.swift */,
				0C4D32FC2A68312C00AD5EFF /* CommunityCellDelegate.swift */,
			);
			path = Protocol;
			sourceTree = "<group>";
		};
		0C4EF9912A7B7D1300539320 /* HeartPickScene */ = {
			isa = PBXGroup;
			children = (
				0C4EF99D2A7BF8F600539320 /* Protocol */,
				0C4EF99A2A7BA7C000539320 /* Model */,
				0C4EF9922A7B7D4000539320 /* View */,
				0C4EF9952A7B7F4C00539320 /* Controller */,
			);
			path = HeartPickScene;
			sourceTree = "<group>";
		};
		0C4EF9922A7B7D4000539320 /* View */ = {
			isa = PBXGroup;
			children = (
				0C4EF9962A7B966F00539320 /* CoupleSpaceHeartPickCollectionCell.swift */,
				0C4EF9982A7BA19C00539320 /* CoupleSpaceMyPickCollectionCell.swift */,
			);
			path = View;
			sourceTree = "<group>";
		};
		0C4EF9952A7B7F4C00539320 /* Controller */ = {
			isa = PBXGroup;
			children = (
				0C4EF9932A7B7F3B00539320 /* CoupleSpacePickCollectionViewController.swift */,
			);
			path = Controller;
			sourceTree = "<group>";
		};
		0C4EF99A2A7BA7C000539320 /* Model */ = {
			isa = PBXGroup;
			children = (
				0C4EF99B2A7BF63100539320 /* HeartPickDataSource.swift */,
				0C4EF9A02A7BFB3700539320 /* MypickDataSource.swift */,
			);
			path = Model;
			sourceTree = "<group>";
		};
		0C4EF99D2A7BF8F600539320 /* Protocol */ = {
			isa = PBXGroup;
			children = (
				0C4EF99E2A7BF91500539320 /* CoupleSpacePickDataSourceable.swift */,
			);
			path = Protocol;
			sourceTree = "<group>";
		};
		0C4EF9A52A8223DE00539320 /* AlbumScene */ = {
			isa = PBXGroup;
			children = (
				0C4EF9A62A82338E00539320 /* View */,
				0C4EF9A92A829DF500539320 /* Controller */,
			);
			path = AlbumScene;
			sourceTree = "<group>";
		};
		0C4EF9A62A82338E00539320 /* View */ = {
			isa = PBXGroup;
			children = (
				0C4EF9A72A8233A100539320 /* CoupleSpaceAlbumCell.swift */,
			);
			path = View;
			sourceTree = "<group>";
		};
		0C4EF9A92A829DF500539320 /* Controller */ = {
			isa = PBXGroup;
			children = (
				0C4EF9AA2A829E0B00539320 /* CoupleSpaceAlbumViewController.swift */,
			);
			path = Controller;
			sourceTree = "<group>";
		};
		0C5929FA2A6D47D700C21570 /* CommentScene */ = {
			isa = PBXGroup;
			children = (
				0C592A022A6D6C7F00C21570 /* Util */,
				0C5929FF2A6D693F00C21570 /* Protocol */,
				0C5929FB2A6D47EB00C21570 /* View */,
				0C5929FC2A6D47F000C21570 /* Controller */,
			);
			path = CommentScene;
			sourceTree = "<group>";
		};
		0C5929FB2A6D47EB00C21570 /* View */ = {
			isa = PBXGroup;
			children = (
				0C5929FD2A6D481400C21570 /* BlurView.swift */,
				0CA858B92A6FE0EA00DFCFD5 /* CommentCellHeaderView.swift */,
				0C6F454A2A7003930044EAC8 /* CommentCell.swift */,
			);
			path = View;
			sourceTree = "<group>";
		};
		0C5929FC2A6D47F000C21570 /* Controller */ = {
			isa = PBXGroup;
			children = (
				0C5929F62A6D3EA800C21570 /* PanModalPresentationController.swift */,
				0C6F454C2A700E9E0044EAC8 /* CommentViewController.swift */,
			);
			path = Controller;
			sourceTree = "<group>";
		};
		0C5929FF2A6D693F00C21570 /* Protocol */ = {
			isa = PBXGroup;
			children = (
				0C592A002A6D69AF00C21570 /* PanModalTransitioningDelegate.swift */,
				0C6F45482A7002C40044EAC8 /* CommentCellHeaderViewDelegate.swift */,
				0C6F45502A703B0A0044EAC8 /* PanModalPresentable.swift */,
			);
			path = Protocol;
			sourceTree = "<group>";
		};
		0C592A022A6D6C7F00C21570 /* Util */ = {
			isa = PBXGroup;
			children = (
				0C592A032A6D720700C21570 /* PanModalAnimator.swift */,
			);
			path = Util;
			sourceTree = "<group>";
		};
		0C684F3A2A77C9E000A31865 /* Controller */ = {
			isa = PBXGroup;
			children = (
				0C4EF98F2A7A430000539320 /* CoupleSpaceMainViewController.swift */,
			);
			path = Controller;
			sourceTree = "<group>";
		};
		0C684F3B2A77D0BD00A31865 /* View */ = {
			isa = PBXGroup;
			children = (
				0C684F4B2A78FA4D00A31865 /* CoupleSpaceMainHeaderView.swift */,
				0C4EF98D2A7A2BF500539320 /* CoupleSpaceMainButtonView.swift */,
			);
			path = View;
			sourceTree = "<group>";
		};
		0C684F492A78FA1A00A31865 /* MainScene */ = {
			isa = PBXGroup;
			children = (
				56C048762A8A02D7001BAAB5 /* DDayCalculator.swift */,
				0C684F3B2A77D0BD00A31865 /* View */,
				0C684F3A2A77C9E000A31865 /* Controller */,
			);
			path = MainScene;
			sourceTree = "<group>";
		};
		0C684F4A2A78FA3600A31865 /* View */ = {
			isa = PBXGroup;
			children = (
				0C684F442A77D53200A31865 /* CoupleImageBetweenHeartView.swift */,
			);
			path = View;
			sourceTree = "<group>";
		};
		0C6F45562A77AC610044EAC8 /* Sources */ = {
			isa = PBXGroup;
			children = (
				0C6F45582A77AC870044EAC8 /* Application */,
				56348A8D2A6DB4CE005BB635 /* SignUpScene */,
				561462142A6EE3DF00C0AC1F /* LoginScene */,
				5651FC4E2A7A659C00965300 /* ProfileScene */,
				0C6F45592A77AE9F0044EAC8 /* CoupleSpaceScene */,
				0C809A1C2A56D17F009EC362 /* CommunityScene */,
			);
			path = Sources;
			sourceTree = "<group>";
		};
		0C6F45572A77AC760044EAC8 /* Resources */ = {
			isa = PBXGroup;
			children = (
				5626B2C92A57407600477EBC /* Font */,
				0CC33ACA2A5281C3001EF4E7 /* Assets.xcassets */,
				0CC33ACC2A5281C3001EF4E7 /* LaunchScreen.storyboard */,
				0CC33ACF2A5281C3001EF4E7 /* Info.plist */,
			);
			path = Resources;
			sourceTree = "<group>";
		};
		0C6F45582A77AC870044EAC8 /* Application */ = {
			isa = PBXGroup;
			children = (
				0CC33AC32A5281C1001EF4E7 /* SceneDelegate.swift */,
				0CC33AC12A5281C1001EF4E7 /* AppDelegate.swift */,
				0C6F454E2A701D520044EAC8 /* HeartHubProfileImageView.swift */,
				0C684F472A78D4F300A31865 /* HeartHubPageViewController.swift */,
				0C4EF9A32A7CE2EC00539320 /* HeartHubTabBarController.swift */,
				562ABF4F2A920703006FA182 /* AlertButton.swift */,
			);
			path = Application;
			sourceTree = "<group>";
		};
		0C6F45592A77AE9F0044EAC8 /* CoupleSpaceScene */ = {
			isa = PBXGroup;
			children = (
				0C684F4A2A78FA3600A31865 /* View */,
				0C684F492A78FA1A00A31865 /* MainScene */,
				0C4EF9A52A8223DE00539320 /* AlbumScene */,
				0C4EF9912A7B7D1300539320 /* HeartPickScene */,
				5651FC762A7A7BFB00965300 /* GameScene */,
				56C048852A8A9166001BAAB5 /* ConnectScene */,
			);
			path = CoupleSpaceScene;
			sourceTree = "<group>";
		};
		0C809A1C2A56D17F009EC362 /* CommunityScene */ = {
			isa = PBXGroup;
			children = (
				0C43F6112A659CB000EED860 /* Util */,
				0C4D32FB2A6830F000AD5EFF /* Protocol */,
				0C382E242A5950AF00EA08E0 /* View */,
				0C382E292A59A1F100EA08E0 /* Controller */,
				56C048A72A8C95DE001BAAB5 /* AddPostScene */,
				0C382E2A2A5B016800EA08E0 /* DailyDateScene */,
				0CB49BD72A69230200C77341 /* LookScene */,
				0C5929FA2A6D47D700C21570 /* CommentScene */,
			);
			path = CommunityScene;
			sourceTree = "<group>";
		};
		0CB49BD72A69230200C77341 /* LookScene */ = {
			isa = PBXGroup;
			children = (
				0CB49BD82A69234100C77341 /* View */,
				0CB49BDD2A6932FD00C77341 /* Controller */,
			);
			path = LookScene;
			sourceTree = "<group>";
		};
		0CB49BD82A69234100C77341 /* View */ = {
			isa = PBXGroup;
			children = (
				0CB49BDE2A69526500C77341 /* LookCell.swift */,
			);
			path = View;
			sourceTree = "<group>";
		};
		0CB49BDD2A6932FD00C77341 /* Controller */ = {
			isa = PBXGroup;
			children = (
				0CB49BD92A69234A00C77341 /* LookViewController.swift */,
			);
			path = Controller;
			sourceTree = "<group>";
		};
		0CC33AB52A5281C1001EF4E7 = {
			isa = PBXGroup;
			children = (
				0CC33AC02A5281C1001EF4E7 /* HeartHub */,
				0CC33ABF2A5281C1001EF4E7 /* Products */,
				CB34CEB8D5CDE48E63185AFF /* Pods */,
				07263ABD750EA948E9BD0F4F /* Frameworks */,
			);
			sourceTree = "<group>";
		};
		0CC33ABF2A5281C1001EF4E7 /* Products */ = {
			isa = PBXGroup;
			children = (
				0CC33ABE2A5281C1001EF4E7 /* HeartHub.app */,
			);
			name = Products;
			sourceTree = "<group>";
		};
		0CC33AC02A5281C1001EF4E7 /* HeartHub */ = {
			isa = PBXGroup;
			children = (
				0C6F45562A77AC610044EAC8 /* Sources */,
				0C6F45572A77AC760044EAC8 /* Resources */,
				0CC33AC52A5281C1001EF4E7 /* ViewController.swift */,
			);
			path = HeartHub;
			sourceTree = "<group>";
		};
		561462142A6EE3DF00C0AC1F /* LoginScene */ = {
			isa = PBXGroup;
			children = (
				56348A8A2A6DB17C005BB635 /* View */,
				561462152A6EE3EA00C0AC1F /* Controller */,
			);
			path = LoginScene;
			sourceTree = "<group>";
		};
		561462152A6EE3EA00C0AC1F /* Controller */ = {
			isa = PBXGroup;
			children = (
				5626B2D02A57EEB300477EBC /* LoginViewController.swift */,
				561462182A6EE50300C0AC1F /* FindIdViewController.swift */,
				56348A902A6E8286005BB635 /* FindPwViewController.swift */,
				56348A682A6319EA005BB635 /* FindIdPopUpViewController.swift */,
				56348A942A6E87BF005BB635 /* FindPwPopUpViewController.swift */,
			);
			path = Controller;
			sourceTree = "<group>";
		};
		561462162A6EE41200C0AC1F /* View */ = {
			isa = PBXGroup;
			children = (
				569013722A80167700715D23 /* SignUpBackgroundView.swift */,
				569E4EE32A5CE18E00B51898 /* SignUpStartDateView.swift */,
				569E4EE52A5D06C400B51898 /* SignUpProfileView.swift */,
				569E4EEA2A5D40E800B51898 /* SignUpEnterNickNameEmailView.swift */,
				569E4EEC2A5D499900B51898 /* SignUpTermAgreeView.swift */,
				56C0487A2A8A296A001BAAB5 /* ComponentView */,
			);
			path = View;
			sourceTree = "<group>";
		};
		561462172A6EE41800C0AC1F /* Controller */ = {
			isa = PBXGroup;
			children = (
				5626B3362A584A3D00477EBC /* SignUpStartDateViewController.swift */,
				5626B3442A597FA200477EBC /* SignUpProfileViewController.swift */,
				5626B34A2A59938700477EBC /* SignUpEnterNickNameEmailViewController.swift */,
				5626B34C2A5993A700477EBC /* SignUpTermAgreeViewController.swift */,
				56C0487D2A8A309C001BAAB5 /* SignUpPrivacyTermViewController.swift */,
				56C048812A8A501B001BAAB5 /* SignUpTermOfUseViewController.swift */,
			);
			path = Controller;
			sourceTree = "<group>";
		};
		5626B2C92A57407600477EBC /* Font */ = {
			isa = PBXGroup;
			children = (
				5690135C2A7BD75C00715D23 /* DungGeunMo.otf */,
				569E4EFC2A5FC58200B51898 /* Pretendard-Regular.otf */,
				569E4EFD2A5FC58200B51898 /* Pretendard-SemiBold.otf */,
			);
			path = Font;
			sourceTree = "<group>";
		};
		562ABF4C2A92035F006FA182 /* ReportViews */ = {
			isa = PBXGroup;
			children = (
				562ABF4D2A920584006FA182 /* ProfileBlockUserView.swift */,
				562ABF582A9217F8006FA182 /* ProfileReportReasonView.swift */,
				562ABF642A921C33006FA182 /* ProfileReportReasonTableViewCell.swift */,
				562ABF542A921587006FA182 /* ProfileBlockCancelView.swift */,
				562ABF5C2A921844006FA182 /* ProfileDoneEditUserStatusView.swift */,
			);
			path = ReportViews;
			sourceTree = "<group>";
		};
		562ABF512A920DFE006FA182 /* ReportViewControllers */ = {
			isa = PBXGroup;
			children = (
				562ABF522A920E1A006FA182 /* ProfileBlockUserViewController.swift */,
				562ABF622A921894006FA182 /* ProfileDoneBlockViewController.swift */,
				562ABF5A2A921809006FA182 /* ProfileReportReasonViewController.swift */,
				562ABF5E2A92186C006FA182 /* ProfileDoneReportViewController.swift */,
				562ABF562A921659006FA182 /* ProfileBlockCancelViewController.swift */,
				562ABF662A94005B006FA182 /* ProfileDoneCancelViewController.swift */,
			);
			path = ReportViewControllers;
			sourceTree = "<group>";
		};
		56348A8A2A6DB17C005BB635 /* View */ = {
			isa = PBXGroup;
			children = (
				5690136E2A7FCC7700715D23 /* LoginBackGroundView.swift */,
				569E4EDA2A5C241B00B51898 /* LoginView.swift */,
				56348A622A631283005BB635 /* FindIdView.swift */,
				56348A8E2A6E7ECC005BB635 /* FindPwView.swift */,
				56348A662A6318B0005BB635 /* FindIdPopUpView.swift */,
				56348A922A6E841E005BB635 /* FindPwPopUpView.swift */,
				569013702A80004700715D23 /* LoginTextField.swift */,
				565473CA2A8639D2002F526C /* LoginSelectPageButtonStackView.swift */,
			);
			path = View;
			sourceTree = "<group>";
		};
		56348A8D2A6DB4CE005BB635 /* SignUpScene */ = {
			isa = PBXGroup;
			children = (
				561462162A6EE41200C0AC1F /* View */,
				561462172A6EE41800C0AC1F /* Controller */,
			);
			path = SignUpScene;
			sourceTree = "<group>";
		};
		5651FC4E2A7A659C00965300 /* ProfileScene */ = {
			isa = PBXGroup;
			children = (
				5651FC512A7A65B800965300 /* Models */,
				5651FC502A7A65B300965300 /* Views */,
				5651FC4F2A7A65AE00965300 /* Controllers */,
			);
			path = ProfileScene;
			sourceTree = "<group>";
		};
		5651FC4F2A7A65AE00965300 /* Controllers */ = {
			isa = PBXGroup;
			children = (
				562ABF512A920DFE006FA182 /* ReportViewControllers */,
				5651FC522A7A65F700965300 /* ProfileViewController.swift */,
				56DEBEE52A7AAD10000BC687 /* ProfileDailyViewController.swift */,
				56DEBEE32A7AACFC000BC687 /* ProfileLookViewController.swift */,
				56DEBEE12A7AAAB8000BC687 /* ProfileDateViewController.swift */,
			);
			path = Controllers;
			sourceTree = "<group>";
		};
		5651FC502A7A65B300965300 /* Views */ = {
			isa = PBXGroup;
			children = (
				562ABF4C2A92035F006FA182 /* ReportViews */,
				5651FC6C2A7A69B500965300 /* ProfileUserView.swift */,
				5651FC662A7A686000965300 /* ProfilePostImageCollectionViewCell.swift */,
				56C048942A8B8083001BAAB5 /* ProfilePostTextCollectionViewCell.swift */,
			);
			path = Views;
			sourceTree = "<group>";
		};
		5651FC512A7A65B800965300 /* Models */ = {
			isa = PBXGroup;
			children = (
				56DEBEE72A7AAE1A000BC687 /* PostData */,
				5651FC6E2A7A69FD00965300 /* ProfileUserDataModel.swift */,
				5651FC702A7A6A0700965300 /* ProfileUserDataManager.swift */,
			);
			path = Models;
			sourceTree = "<group>";
		};
		5651FC762A7A7BFB00965300 /* GameScene */ = {
			isa = PBXGroup;
			children = (
				569013512A7BB2E500715D23 /* Models */,
				5651FC782A7A7C4800965300 /* Views */,
				5651FC772A7A7C4100965300 /* Controllers */,
			);
			path = GameScene;
			sourceTree = "<group>";
		};
		5651FC772A7A7C4100965300 /* Controllers */ = {
			isa = PBXGroup;
			children = (
				5651FC7B2A7A7FB800965300 /* GameViewController.swift */,
				5690135E2A7E62A200715D23 /* GamePageViewController.swift */,
				569013642A7E6CFD00715D23 /* GameMissionViewController.swift */,
				569013662A7E6D0700715D23 /* GameClearViewController.swift */,
			);
			path = Controllers;
			sourceTree = "<group>";
		};
		5651FC782A7A7C4800965300 /* Views */ = {
			isa = PBXGroup;
			children = (
				5651FC792A7A7C6A00965300 /* GameBackgroundView.swift */,
				56DEBED92A7A9B24000BC687 /* GameMissionTableViewCell.swift */,
				5690136C2A7FA60800715D23 /* GameClearTableViewCell.swift */,
				569013602A7E635200715D23 /* GameSegmentControll.swift */,
			);
			path = Views;
			sourceTree = "<group>";
		};
		569013512A7BB2E500715D23 /* Models */ = {
			isa = PBXGroup;
			children = (
				569013542A7BB32600715D23 /* GameMissionDataManager.swift */,
				5690136A2A7E6FA400715D23 /* GameClearMissionDataManager.swift */,
			);
			path = Models;
			sourceTree = "<group>";
		};
		56C0487A2A8A296A001BAAB5 /* ComponentView */ = {
			isa = PBXGroup;
			children = (
				569013742A80D7FD00715D23 /* SignUpChangePageButton.swift */,
				569013782A80E26400715D23 /* SignUpDateTextField.swift */,
				5690137C2A80EEA200715D23 /* SignUpUserInfoTextField.swift */,
				56D4E6162A814049005215D1 /* SignUpTermTableViewCell.swift */,
				56C0487B2A8A2CBA001BAAB5 /* SignUpPrivacyTermScrollView.swift */,
				56C0487F2A8A4D83001BAAB5 /* SignUpTermOfUseScrollView.swift */,
				56C048832A8A7663001BAAB5 /* SignUpDatePicker.swift */,
			);
			path = ComponentView;
			sourceTree = "<group>";
		};
		56C048852A8A9166001BAAB5 /* ConnectScene */ = {
			isa = PBXGroup;
			children = (
				56C048862A8A9196001BAAB5 /* Views */,
				56C048872A8A919E001BAAB5 /* Controllers */,
			);
			path = ConnectScene;
			sourceTree = "<group>";
		};
		56C048862A8A9196001BAAB5 /* Views */ = {
			isa = PBXGroup;
			children = (
				56C0488A2A8A91DE001BAAB5 /* ConnectView.swift */,
				56C0488C2A8A9C5B001BAAB5 /* ConnectCheckPopUpView.swift */,
				56C048902A8ABB99001BAAB5 /* ConnectCompletePopUpView.swift */,
			);
			path = Views;
			sourceTree = "<group>";
		};
		56C048872A8A919E001BAAB5 /* Controllers */ = {
			isa = PBXGroup;
			children = (
				56C048882A8A91BE001BAAB5 /* ConnectViewController.swift */,
				56C0488E2A8AA03A001BAAB5 /* ConnectCheckPopUpViewController.swift */,
				56C048922A8ABC88001BAAB5 /* ConnectCompletePopUpViewController.swift */,
			);
			path = Controllers;
			sourceTree = "<group>";
		};
		56C048A72A8C95DE001BAAB5 /* AddPostScene */ = {
			isa = PBXGroup;
			children = (
				56C048AA2A8C95F0001BAAB5 /* Model */,
				56C048A92A8C95EC001BAAB5 /* Views */,
				56C048A82A8C95E4001BAAB5 /* Controllers */,
			);
			path = AddPostScene;
			sourceTree = "<group>";
		};
		56C048A82A8C95E4001BAAB5 /* Controllers */ = {
			isa = PBXGroup;
			children = (
				56C048AF2A8C9D6D001BAAB5 /* AddPostViewController.swift */,
			);
			path = Controllers;
			sourceTree = "<group>";
		};
		56C048A92A8C95EC001BAAB5 /* Views */ = {
			isa = PBXGroup;
			children = (
				56C048B12A8C9DF1001BAAB5 /* AddPostView.swift */,
				56C048B32A8DBD0E001BAAB5 /* AddPostButton.swift */,
			);
			path = Views;
			sourceTree = "<group>";
		};
		56C048AA2A8C95F0001BAAB5 /* Model */ = {
			isa = PBXGroup;
			children = (
			);
			path = Model;
			sourceTree = "<group>";
		};
		56DEBEE72A7AAE1A000BC687 /* PostData */ = {
			isa = PBXGroup;
			children = (
				5651FC682A7A68D700965300 /* ProfileDailyPostDataModel.swift */,
				56DEBEF12A7AAEEE000BC687 /* ProfileLookPostDataModel.swift */,
				56DEBEF32A7AAEF9000BC687 /* ProfileDatePostDataModel.swift */,
				5651FC6A2A7A68E200965300 /* ProfileDailyPostDataManager.swift */,
				56DEBEF52A7AAF03000BC687 /* ProfileLookPostDataManager.swift */,
				56DEBEF72A7AAF12000BC687 /* ProfileDatePostDataManager.swift */,
			);
			path = PostData;
			sourceTree = "<group>";
		};
		CB34CEB8D5CDE48E63185AFF /* Pods */ = {
			isa = PBXGroup;
			children = (
				15B862B20CFD240D7E3F016F /* Pods-HeartHub.debug.xcconfig */,
				9B22F018AA19302771485F16 /* Pods-HeartHub.release.xcconfig */,
			);
			path = Pods;
			sourceTree = "<group>";
		};
/* End PBXGroup section */

/* Begin PBXNativeTarget section */
		0CC33ABD2A5281C1001EF4E7 /* HeartHub */ = {
			isa = PBXNativeTarget;
			buildConfigurationList = 0CC33AD22A5281C3001EF4E7 /* Build configuration list for PBXNativeTarget "HeartHub" */;
			buildPhases = (
				D02CB3E1C2644FC4E8F0CC73 /* [CP] Check Pods Manifest.lock */,
				0CC33ABA2A5281C1001EF4E7 /* Sources */,
				0CC33ABB2A5281C1001EF4E7 /* Frameworks */,
				0CC33ABC2A5281C1001EF4E7 /* Resources */,
				0B3190BB0F71380761799718 /* [CP] Embed Pods Frameworks */,
			);
			buildRules = (
			);
			dependencies = (
			);
			name = HeartHub;
			productName = HeartHub;
			productReference = 0CC33ABE2A5281C1001EF4E7 /* HeartHub.app */;
			productType = "com.apple.product-type.application";
		};
/* End PBXNativeTarget section */

/* Begin PBXProject section */
		0CC33AB62A5281C1001EF4E7 /* Project object */ = {
			isa = PBXProject;
			attributes = {
				BuildIndependentTargetsInParallel = 1;
				LastSwiftUpdateCheck = 1420;
				LastUpgradeCheck = 1420;
				TargetAttributes = {
					0CC33ABD2A5281C1001EF4E7 = {
						CreatedOnToolsVersion = 14.2;
					};
				};
			};
			buildConfigurationList = 0CC33AB92A5281C1001EF4E7 /* Build configuration list for PBXProject "HeartHub" */;
			compatibilityVersion = "Xcode 14.0";
			developmentRegion = en;
			hasScannedForEncodings = 0;
			knownRegions = (
				en,
				Base,
			);
			mainGroup = 0CC33AB52A5281C1001EF4E7;
			productRefGroup = 0CC33ABF2A5281C1001EF4E7 /* Products */;
			projectDirPath = "";
			projectRoot = "";
			targets = (
				0CC33ABD2A5281C1001EF4E7 /* HeartHub */,
			);
		};
/* End PBXProject section */

/* Begin PBXResourcesBuildPhase section */
		0CC33ABC2A5281C1001EF4E7 /* Resources */ = {
			isa = PBXResourcesBuildPhase;
			buildActionMask = 2147483647;
			files = (
				5690135D2A7BD75C00715D23 /* DungGeunMo.otf in Resources */,
				0CC33ACE2A5281C3001EF4E7 /* LaunchScreen.storyboard in Resources */,
				569E4EFE2A5FC58200B51898 /* Pretendard-Regular.otf in Resources */,
				0CC33ACB2A5281C3001EF4E7 /* Assets.xcassets in Resources */,
				569E4EFF2A5FC58200B51898 /* Pretendard-SemiBold.otf in Resources */,
			);
			runOnlyForDeploymentPostprocessing = 0;
		};
/* End PBXResourcesBuildPhase section */

/* Begin PBXShellScriptBuildPhase section */
		0B3190BB0F71380761799718 /* [CP] Embed Pods Frameworks */ = {
			isa = PBXShellScriptBuildPhase;
			buildActionMask = 2147483647;
			files = (
			);
			inputFileListPaths = (
				"${PODS_ROOT}/Target Support Files/Pods-HeartHub/Pods-HeartHub-frameworks-${CONFIGURATION}-input-files.xcfilelist",
			);
			name = "[CP] Embed Pods Frameworks";
			outputFileListPaths = (
				"${PODS_ROOT}/Target Support Files/Pods-HeartHub/Pods-HeartHub-frameworks-${CONFIGURATION}-output-files.xcfilelist",
			);
			runOnlyForDeploymentPostprocessing = 0;
			shellPath = /bin/sh;
			shellScript = "\"${PODS_ROOT}/Target Support Files/Pods-HeartHub/Pods-HeartHub-frameworks.sh\"\n";
			showEnvVarsInLog = 0;
		};
		D02CB3E1C2644FC4E8F0CC73 /* [CP] Check Pods Manifest.lock */ = {
			isa = PBXShellScriptBuildPhase;
			buildActionMask = 2147483647;
			files = (
			);
			inputFileListPaths = (
			);
			inputPaths = (
				"${PODS_PODFILE_DIR_PATH}/Podfile.lock",
				"${PODS_ROOT}/Manifest.lock",
			);
			name = "[CP] Check Pods Manifest.lock";
			outputFileListPaths = (
			);
			outputPaths = (
				"$(DERIVED_FILE_DIR)/Pods-HeartHub-checkManifestLockResult.txt",
			);
			runOnlyForDeploymentPostprocessing = 0;
			shellPath = /bin/sh;
			shellScript = "diff \"${PODS_PODFILE_DIR_PATH}/Podfile.lock\" \"${PODS_ROOT}/Manifest.lock\" > /dev/null\nif [ $? != 0 ] ; then\n    # print error to STDERR\n    echo \"error: The sandbox is not in sync with the Podfile.lock. Run 'pod install' or update your CocoaPods installation.\" >&2\n    exit 1\nfi\n# This output is used by Xcode 'outputs' to avoid re-running this script phase.\necho \"SUCCESS\" > \"${SCRIPT_OUTPUT_FILE_0}\"\n";
			showEnvVarsInLog = 0;
		};
/* End PBXShellScriptBuildPhase section */

/* Begin PBXSourcesBuildPhase section */
		0CC33ABA2A5281C1001EF4E7 /* Sources */ = {
			isa = PBXSourcesBuildPhase;
			buildActionMask = 2147483647;
			files = (
				5690136F2A7FCC7700715D23 /* LoginBackGroundView.swift in Sources */,
				5626B2D12A57EEB300477EBC /* LoginViewController.swift in Sources */,
				56DEBEDA2A7A9B24000BC687 /* GameMissionTableViewCell.swift in Sources */,
				562ABF572A921659006FA182 /* ProfileBlockCancelViewController.swift in Sources */,
				56348A952A6E87BF005BB635 /* FindPwPopUpViewController.swift in Sources */,
				561462192A6EE50300C0AC1F /* FindIdViewController.swift in Sources */,
				0CC33AC62A5281C1001EF4E7 /* ViewController.swift in Sources */,
				569013712A80004700715D23 /* LoginTextField.swift in Sources */,
				5651FC7C2A7A7FB800965300 /* GameViewController.swift in Sources */,
				0C4EF9A12A7BFB3700539320 /* MypickDataSource.swift in Sources */,
				0CA858BA2A6FE0EA00DFCFD5 /* CommentCellHeaderView.swift in Sources */,
				5651FC6D2A7A69B500965300 /* ProfileUserView.swift in Sources */,
				56DEBEE42A7AACFC000BC687 /* ProfileLookViewController.swift in Sources */,
				0C4EF9942A7B7F3B00539320 /* CoupleSpacePickCollectionViewController.swift in Sources */,
				0C382E332A5C564000EA08E0 /* CommunityCellBottomButtonView.swift in Sources */,
				562ABF632A921894006FA182 /* ProfileDoneBlockViewController.swift in Sources */,
				56C0487C2A8A2CBA001BAAB5 /* SignUpPrivacyTermScrollView.swift in Sources */,
				56C048892A8A91BE001BAAB5 /* ConnectViewController.swift in Sources */,
				56C048842A8A7663001BAAB5 /* SignUpDatePicker.swift in Sources */,
				569013792A80E26500715D23 /* SignUpDateTextField.swift in Sources */,
				0C684F4C2A78FA4D00A31865 /* CoupleSpaceMainHeaderView.swift in Sources */,
				0C4D32FD2A68312C00AD5EFF /* CommunityCellDelegate.swift in Sources */,
				0C4EF9A42A7CE2EC00539320 /* HeartHubTabBarController.swift in Sources */,
				562ABF652A921C33006FA182 /* ProfileReportReasonTableViewCell.swift in Sources */,
				0C6F454B2A7003930044EAC8 /* CommentCell.swift in Sources */,
				0C4EF9A82A8233A100539320 /* CoupleSpaceAlbumCell.swift in Sources */,
				562ABF5D2A921844006FA182 /* ProfileDoneEditUserStatusView.swift in Sources */,
				5651FC7A2A7A7C6A00965300 /* GameBackgroundView.swift in Sources */,
				5690136D2A7FA60800715D23 /* GameClearTableViewCell.swift in Sources */,
				56D4E6172A814049005215D1 /* SignUpTermTableViewCell.swift in Sources */,
				0C382E282A5994A700EA08E0 /* CommunityViewController.swift in Sources */,
				569013752A80D7FD00715D23 /* SignUpChangePageButton.swift in Sources */,
				56C048932A8ABC88001BAAB5 /* ConnectCompletePopUpViewController.swift in Sources */,
				5651FC532A7A65F700965300 /* ProfileViewController.swift in Sources */,
				56C0487E2A8A309C001BAAB5 /* SignUpPrivacyTermViewController.swift in Sources */,
				0CA858B82A6FB75B00DFCFD5 /* CommunityCellHeaderViewDelegate.swift in Sources */,
				5651FC6F2A7A69FD00965300 /* ProfileUserDataModel.swift in Sources */,
				0C592A042A6D720700C21570 /* PanModalAnimator.swift in Sources */,
				56C0488B2A8A91DE001BAAB5 /* ConnectView.swift in Sources */,
				0C4EF9902A7A430100539320 /* CoupleSpaceMainViewController.swift in Sources */,
				0CB49BDF2A69526500C77341 /* LookCell.swift in Sources */,
				0C4D32F92A6825FF00AD5EFF /* CommunityCellable.swift in Sources */,
				562ABF4E2A920584006FA182 /* ProfileBlockUserView.swift in Sources */,
				5690135F2A7E62A200715D23 /* GamePageViewController.swift in Sources */,
				562ABF5F2A92186C006FA182 /* ProfileDoneReportViewController.swift in Sources */,
				0CB49BDA2A69234A00C77341 /* LookViewController.swift in Sources */,
				56DEBEE62A7AAD10000BC687 /* ProfileDailyViewController.swift in Sources */,
				56C048822A8A501B001BAAB5 /* SignUpTermOfUseViewController.swift in Sources */,
				56C0488D2A8A9C5B001BAAB5 /* ConnectCheckPopUpView.swift in Sources */,
				0CB49BDC2A69237400C77341 /* MockData.swift in Sources */,
				0C4D32F72A6823A600AD5EFF /* DailyDateNoImageCell.swift in Sources */,
				562ABF552A921587006FA182 /* ProfileBlockCancelView.swift in Sources */,
				0C6F454F2A701D520044EAC8 /* HeartHubProfileImageView.swift in Sources */,
				0CC33AC22A5281C1001EF4E7 /* AppDelegate.swift in Sources */,
				569013732A80167700715D23 /* SignUpBackgroundView.swift in Sources */,
				5690137D2A80EEA200715D23 /* SignUpUserInfoTextField.swift in Sources */,
				56348A932A6E841E005BB635 /* FindPwPopUpView.swift in Sources */,
				569E4EED2A5D499900B51898 /* SignUpTermAgreeView.swift in Sources */,
				569013672A7E6D0700715D23 /* GameClearViewController.swift in Sources */,
				0CC33AC42A5281C1001EF4E7 /* SceneDelegate.swift in Sources */,
				0C4EF99F2A7BF91500539320 /* CoupleSpacePickDataSourceable.swift in Sources */,
				569E4EEB2A5D40E800B51898 /* SignUpEnterNickNameEmailView.swift in Sources */,
				562ABF592A9217F8006FA182 /* ProfileReportReasonView.swift in Sources */,
				56348A632A631283005BB635 /* FindIdView.swift in Sources */,
				5626B3372A584A3D00477EBC /* SignUpStartDateViewController.swift in Sources */,
				569E4EE42A5CE18E00B51898 /* SignUpStartDateView.swift in Sources */,
				56C048912A8ABB99001BAAB5 /* ConnectCompletePopUpView.swift in Sources */,
				56348A8F2A6E7ECC005BB635 /* FindPwView.swift in Sources */,
				56C048B22A8C9DF1001BAAB5 /* AddPostView.swift in Sources */,
				562ABF502A920703006FA182 /* AlertButton.swift in Sources */,
				5626B3452A597FA200477EBC /* SignUpProfileViewController.swift in Sources */,
				56348A912A6E8286005BB635 /* FindPwViewController.swift in Sources */,
				569013612A7E635200715D23 /* GameSegmentControll.swift in Sources */,
				56DEBEF42A7AAEF9000BC687 /* ProfileDatePostDataModel.swift in Sources */,
				56DEBEF82A7AAF12000BC687 /* ProfileDatePostDataManager.swift in Sources */,
				56348A672A6318B0005BB635 /* FindIdPopUpView.swift in Sources */,
				5651FC672A7A686000965300 /* ProfilePostImageCollectionViewCell.swift in Sources */,
				5651FC6B2A7A68E200965300 /* ProfileDailyPostDataManager.swift in Sources */,
				0C684F412A77D24000A31865 /* CommunityCellPagingImageView.swift in Sources */,
				56C048772A8A02D7001BAAB5 /* DDayCalculator.swift in Sources */,
				562ABF5B2A921809006FA182 /* ProfileReportReasonViewController.swift in Sources */,
				5626B34D2A5993A700477EBC /* SignUpTermAgreeViewController.swift in Sources */,
				562ABF532A920E1A006FA182 /* ProfileBlockUserViewController.swift in Sources */,
				56C048B02A8C9D6D001BAAB5 /* AddPostViewController.swift in Sources */,
				5626B34B2A59938700477EBC /* SignUpEnterNickNameEmailViewController.swift in Sources */,
				569E4EDB2A5C241B00B51898 /* LoginView.swift in Sources */,
				56DEBEF62A7AAF03000BC687 /* ProfileLookPostDataManager.swift in Sources */,
				56348A692A6319EA005BB635 /* FindIdPopUpViewController.swift in Sources */,
				0C4EF9992A7BA19C00539320 /* CoupleSpaceMyPickCollectionCell.swift in Sources */,
				56C048B42A8DBD0E001BAAB5 /* AddPostButton.swift in Sources */,
				0C4EF9972A7B966F00539320 /* CoupleSpaceHeartPickCollectionCell.swift in Sources */,
				565473CB2A8639D2002F526C /* LoginSelectPageButtonStackView.swift in Sources */,
				562ABF672A94005B006FA182 /* ProfileDoneCancelViewController.swift in Sources */,
				569E4EE62A5D06C400B51898 /* SignUpProfileView.swift in Sources */,
				0C4EF99C2A7BF63100539320 /* HeartPickDataSource.swift in Sources */,
				0C684F452A77D53200A31865 /* CoupleImageBetweenHeartView.swift in Sources */,
				0C684F482A78D4F300A31865 /* HeartHubPageViewController.swift in Sources */,
				0C809A1E2A56DA57009EC362 /* DailyDateViewController.swift in Sources */,
				569013652A7E6CFD00715D23 /* GameMissionViewController.swift in Sources */,
				0CA858B62A6FB44D00DFCFD5 /* CommunityCellHeaderView.swift in Sources */,
				0C684F432A77D26600A31865 /* DailyDateImageCell.swift in Sources */,
				0C592A012A6D69AF00C21570 /* PanModalTransitioningDelegate.swift in Sources */,
				5690136B2A7E6FA400715D23 /* GameClearMissionDataManager.swift in Sources */,
				0C4EF98E2A7A2BF500539320 /* CoupleSpaceMainButtonView.swift in Sources */,
				0C4D33012A68317200AD5EFF /* CommunityCellBottomButtonViewDelegate.swift in Sources */,
				0CC33AC42A5281C1001EF4E7 /* SceneDelegate.swift in Sources */,
				0C5929F72A6D3EA800C21570 /* PanModalPresentationController.swift in Sources */,
				56C048802A8A4D83001BAAB5 /* SignUpTermOfUseScrollView.swift in Sources */,
				56C0488F2A8AA03A001BAAB5 /* ConnectCheckPopUpViewController.swift in Sources */,
				0C6F454D2A700E9E0044EAC8 /* CommentViewController.swift in Sources */,
				0C382E262A5950C700EA08E0 /* CommunitySegmentedControl.swift in Sources */,
				569013552A7BB32600715D23 /* GameMissionDataManager.swift in Sources */,
				56DEBEF22A7AAEEE000BC687 /* ProfileLookPostDataModel.swift in Sources */,
				0C6F45532A7384B10044EAC8 /* UIWindow+.swift in Sources */,
				0CA858B02A6F981D00DFCFD5 /* Reusable.swift in Sources */,
				0C4D32FF2A68315B00AD5EFF /* CommunityProfileViewDelegate.swift in Sources */,
				0C43F6102A659C6D00EED860 /* PagingImageCollectionViewCell.swift in Sources */,
				0C6F45512A703B0A0044EAC8 /* PanModalPresentable.swift in Sources */,
				56DEBEE22A7AAAB8000BC687 /* ProfileDateViewController.swift in Sources */,
				56C048952A8B8083001BAAB5 /* ProfilePostTextCollectionViewCell.swift in Sources */,
				5651FC692A7A68D700965300 /* ProfileDailyPostDataModel.swift in Sources */,
				0C5929FE2A6D481400C21570 /* BlurView.swift in Sources */,
				0C5929F52A6ADB4500C21570 /* CommunityFloatingButton.swift in Sources */,
				0C6F45492A7002C40044EAC8 /* CommentCellHeaderViewDelegate.swift in Sources */,
				5651FC712A7A6A0700965300 /* ProfileUserDataManager.swift in Sources */,
				0C4EF9AB2A829E0B00539320 /* CoupleSpaceAlbumViewController.swift in Sources */,
				0C382E312A5BDB6D00EA08E0 /* CommunityProfileView.swift in Sources */,
				0C382E312A5BDB6D00EA08E0 /* CommunityProfileView.swift in Sources */,
			);
			runOnlyForDeploymentPostprocessing = 0;
		};
/* End PBXSourcesBuildPhase section */

/* Begin PBXVariantGroup section */
		0CC33ACC2A5281C3001EF4E7 /* LaunchScreen.storyboard */ = {
			isa = PBXVariantGroup;
			children = (
				0CC33ACD2A5281C3001EF4E7 /* Base */,
			);
			name = LaunchScreen.storyboard;
			sourceTree = "<group>";
		};
/* End PBXVariantGroup section */

/* Begin XCBuildConfiguration section */
		0CC33AD02A5281C3001EF4E7 /* Debug */ = {
			isa = XCBuildConfiguration;
			buildSettings = {
				ALWAYS_SEARCH_USER_PATHS = NO;
				CLANG_ANALYZER_NONNULL = YES;
				CLANG_ANALYZER_NUMBER_OBJECT_CONVERSION = YES_AGGRESSIVE;
				CLANG_CXX_LANGUAGE_STANDARD = "gnu++20";
				CLANG_ENABLE_MODULES = YES;
				CLANG_ENABLE_OBJC_ARC = YES;
				CLANG_ENABLE_OBJC_WEAK = YES;
				CLANG_WARN_BLOCK_CAPTURE_AUTORELEASING = YES;
				CLANG_WARN_BOOL_CONVERSION = YES;
				CLANG_WARN_COMMA = YES;
				CLANG_WARN_CONSTANT_CONVERSION = YES;
				CLANG_WARN_DEPRECATED_OBJC_IMPLEMENTATIONS = YES;
				CLANG_WARN_DIRECT_OBJC_ISA_USAGE = YES_ERROR;
				CLANG_WARN_DOCUMENTATION_COMMENTS = YES;
				CLANG_WARN_EMPTY_BODY = YES;
				CLANG_WARN_ENUM_CONVERSION = YES;
				CLANG_WARN_INFINITE_RECURSION = YES;
				CLANG_WARN_INT_CONVERSION = YES;
				CLANG_WARN_NON_LITERAL_NULL_CONVERSION = YES;
				CLANG_WARN_OBJC_IMPLICIT_RETAIN_SELF = YES;
				CLANG_WARN_OBJC_LITERAL_CONVERSION = YES;
				CLANG_WARN_OBJC_ROOT_CLASS = YES_ERROR;
				CLANG_WARN_QUOTED_INCLUDE_IN_FRAMEWORK_HEADER = YES;
				CLANG_WARN_RANGE_LOOP_ANALYSIS = YES;
				CLANG_WARN_STRICT_PROTOTYPES = YES;
				CLANG_WARN_SUSPICIOUS_MOVE = YES;
				CLANG_WARN_UNGUARDED_AVAILABILITY = YES_AGGRESSIVE;
				CLANG_WARN_UNREACHABLE_CODE = YES;
				CLANG_WARN__DUPLICATE_METHOD_MATCH = YES;
				COPY_PHASE_STRIP = NO;
				DEBUG_INFORMATION_FORMAT = dwarf;
				ENABLE_STRICT_OBJC_MSGSEND = YES;
				ENABLE_TESTABILITY = YES;
				GCC_C_LANGUAGE_STANDARD = gnu11;
				GCC_DYNAMIC_NO_PIC = NO;
				GCC_NO_COMMON_BLOCKS = YES;
				GCC_OPTIMIZATION_LEVEL = 0;
				GCC_PREPROCESSOR_DEFINITIONS = (
					"DEBUG=1",
					"$(inherited)",
				);
				GCC_WARN_64_TO_32_BIT_CONVERSION = YES;
				GCC_WARN_ABOUT_RETURN_TYPE = YES_ERROR;
				GCC_WARN_UNDECLARED_SELECTOR = YES;
				GCC_WARN_UNINITIALIZED_AUTOS = YES_AGGRESSIVE;
				GCC_WARN_UNUSED_FUNCTION = YES;
				GCC_WARN_UNUSED_VARIABLE = YES;
				IPHONEOS_DEPLOYMENT_TARGET = 14.0;
				MTL_ENABLE_DEBUG_INFO = INCLUDE_SOURCE;
				MTL_FAST_MATH = YES;
				ONLY_ACTIVE_ARCH = YES;
				SDKROOT = iphoneos;
				SWIFT_ACTIVE_COMPILATION_CONDITIONS = DEBUG;
				SWIFT_OPTIMIZATION_LEVEL = "-Onone";
			};
			name = Debug;
		};
		0CC33AD12A5281C3001EF4E7 /* Release */ = {
			isa = XCBuildConfiguration;
			buildSettings = {
				ALWAYS_SEARCH_USER_PATHS = NO;
				CLANG_ANALYZER_NONNULL = YES;
				CLANG_ANALYZER_NUMBER_OBJECT_CONVERSION = YES_AGGRESSIVE;
				CLANG_CXX_LANGUAGE_STANDARD = "gnu++20";
				CLANG_ENABLE_MODULES = YES;
				CLANG_ENABLE_OBJC_ARC = YES;
				CLANG_ENABLE_OBJC_WEAK = YES;
				CLANG_WARN_BLOCK_CAPTURE_AUTORELEASING = YES;
				CLANG_WARN_BOOL_CONVERSION = YES;
				CLANG_WARN_COMMA = YES;
				CLANG_WARN_CONSTANT_CONVERSION = YES;
				CLANG_WARN_DEPRECATED_OBJC_IMPLEMENTATIONS = YES;
				CLANG_WARN_DIRECT_OBJC_ISA_USAGE = YES_ERROR;
				CLANG_WARN_DOCUMENTATION_COMMENTS = YES;
				CLANG_WARN_EMPTY_BODY = YES;
				CLANG_WARN_ENUM_CONVERSION = YES;
				CLANG_WARN_INFINITE_RECURSION = YES;
				CLANG_WARN_INT_CONVERSION = YES;
				CLANG_WARN_NON_LITERAL_NULL_CONVERSION = YES;
				CLANG_WARN_OBJC_IMPLICIT_RETAIN_SELF = YES;
				CLANG_WARN_OBJC_LITERAL_CONVERSION = YES;
				CLANG_WARN_OBJC_ROOT_CLASS = YES_ERROR;
				CLANG_WARN_QUOTED_INCLUDE_IN_FRAMEWORK_HEADER = YES;
				CLANG_WARN_RANGE_LOOP_ANALYSIS = YES;
				CLANG_WARN_STRICT_PROTOTYPES = YES;
				CLANG_WARN_SUSPICIOUS_MOVE = YES;
				CLANG_WARN_UNGUARDED_AVAILABILITY = YES_AGGRESSIVE;
				CLANG_WARN_UNREACHABLE_CODE = YES;
				CLANG_WARN__DUPLICATE_METHOD_MATCH = YES;
				COPY_PHASE_STRIP = NO;
				DEBUG_INFORMATION_FORMAT = "dwarf-with-dsym";
				ENABLE_NS_ASSERTIONS = NO;
				ENABLE_STRICT_OBJC_MSGSEND = YES;
				GCC_C_LANGUAGE_STANDARD = gnu11;
				GCC_NO_COMMON_BLOCKS = YES;
				GCC_WARN_64_TO_32_BIT_CONVERSION = YES;
				GCC_WARN_ABOUT_RETURN_TYPE = YES_ERROR;
				GCC_WARN_UNDECLARED_SELECTOR = YES;
				GCC_WARN_UNINITIALIZED_AUTOS = YES_AGGRESSIVE;
				GCC_WARN_UNUSED_FUNCTION = YES;
				GCC_WARN_UNUSED_VARIABLE = YES;
				IPHONEOS_DEPLOYMENT_TARGET = 14.0;
				MTL_ENABLE_DEBUG_INFO = NO;
				MTL_FAST_MATH = YES;
				SDKROOT = iphoneos;
				SWIFT_COMPILATION_MODE = wholemodule;
				SWIFT_OPTIMIZATION_LEVEL = "-O";
				VALIDATE_PRODUCT = YES;
			};
			name = Release;
		};
		0CC33AD32A5281C3001EF4E7 /* Debug */ = {
			isa = XCBuildConfiguration;
			baseConfigurationReference = 15B862B20CFD240D7E3F016F /* Pods-HeartHub.debug.xcconfig */;
			buildSettings = {
				ASSETCATALOG_COMPILER_APPICON_NAME = AppIcon;
				ASSETCATALOG_COMPILER_GLOBAL_ACCENT_COLOR_NAME = AccentColor;
				CODE_SIGN_STYLE = Automatic;
				CURRENT_PROJECT_VERSION = 1;
				DEVELOPMENT_TEAM = KHQ37J8NU9;
				GENERATE_INFOPLIST_FILE = YES;
				INFOPLIST_FILE = HeartHub/Resources/Info.plist;
				INFOPLIST_KEY_UIApplicationSupportsIndirectInputEvents = YES;
				INFOPLIST_KEY_UILaunchStoryboardName = LaunchScreen;
				INFOPLIST_KEY_UISupportedInterfaceOrientations_iPad = "UIInterfaceOrientationPortrait UIInterfaceOrientationPortraitUpsideDown UIInterfaceOrientationLandscapeLeft UIInterfaceOrientationLandscapeRight";
				INFOPLIST_KEY_UISupportedInterfaceOrientations_iPhone = "UIInterfaceOrientationPortrait UIInterfaceOrientationLandscapeLeft UIInterfaceOrientationLandscapeRight";
				IPHONEOS_DEPLOYMENT_TARGET = 14.0;
				LD_RUNPATH_SEARCH_PATHS = (
					"$(inherited)",
					"@executable_path/Frameworks",
				);
				MARKETING_VERSION = 1.0;
				PRODUCT_BUNDLE_IDENTIFIER = com.xoxoxo.HeartHub;
				PRODUCT_NAME = "$(TARGET_NAME)";
				SWIFT_EMIT_LOC_STRINGS = YES;
				SWIFT_VERSION = 5.0;
				TARGETED_DEVICE_FAMILY = "1,2";
			};
			name = Debug;
		};
		0CC33AD42A5281C3001EF4E7 /* Release */ = {
			isa = XCBuildConfiguration;
			baseConfigurationReference = 9B22F018AA19302771485F16 /* Pods-HeartHub.release.xcconfig */;
			buildSettings = {
				ASSETCATALOG_COMPILER_APPICON_NAME = AppIcon;
				ASSETCATALOG_COMPILER_GLOBAL_ACCENT_COLOR_NAME = AccentColor;
				CODE_SIGN_STYLE = Automatic;
				CURRENT_PROJECT_VERSION = 1;
				DEVELOPMENT_TEAM = KHQ37J8NU9;
				GENERATE_INFOPLIST_FILE = YES;
				INFOPLIST_FILE = HeartHub/Resources/Info.plist;
				INFOPLIST_KEY_UIApplicationSupportsIndirectInputEvents = YES;
				INFOPLIST_KEY_UILaunchStoryboardName = LaunchScreen;
				INFOPLIST_KEY_UISupportedInterfaceOrientations_iPad = "UIInterfaceOrientationPortrait UIInterfaceOrientationPortraitUpsideDown UIInterfaceOrientationLandscapeLeft UIInterfaceOrientationLandscapeRight";
				INFOPLIST_KEY_UISupportedInterfaceOrientations_iPhone = "UIInterfaceOrientationPortrait UIInterfaceOrientationLandscapeLeft UIInterfaceOrientationLandscapeRight";
				IPHONEOS_DEPLOYMENT_TARGET = 14.0;
				LD_RUNPATH_SEARCH_PATHS = (
					"$(inherited)",
					"@executable_path/Frameworks",
				);
				MARKETING_VERSION = 1.0;
				PRODUCT_BUNDLE_IDENTIFIER = com.xoxoxo.HeartHub;
				PRODUCT_NAME = "$(TARGET_NAME)";
				SWIFT_EMIT_LOC_STRINGS = YES;
				SWIFT_VERSION = 5.0;
				TARGETED_DEVICE_FAMILY = "1,2";
			};
			name = Release;
		};
/* End XCBuildConfiguration section */

/* Begin XCConfigurationList section */
		0CC33AB92A5281C1001EF4E7 /* Build configuration list for PBXProject "HeartHub" */ = {
			isa = XCConfigurationList;
			buildConfigurations = (
				0CC33AD02A5281C3001EF4E7 /* Debug */,
				0CC33AD12A5281C3001EF4E7 /* Release */,
			);
			defaultConfigurationIsVisible = 0;
			defaultConfigurationName = Release;
		};
		0CC33AD22A5281C3001EF4E7 /* Build configuration list for PBXNativeTarget "HeartHub" */ = {
			isa = XCConfigurationList;
			buildConfigurations = (
				0CC33AD32A5281C3001EF4E7 /* Debug */,
				0CC33AD42A5281C3001EF4E7 /* Release */,
			);
			defaultConfigurationIsVisible = 0;
			defaultConfigurationName = Release;
		};
/* End XCConfigurationList section */
	};
	rootObject = 0CC33AB62A5281C1001EF4E7 /* Project object */;
}
