// !$*UTF8*$!
{
	archiveVersion = 1;
	classes = {
	};
	objectVersion = 56;
	objects = {

/* Begin PBXBuildFile section */
		0C382E262A5950C700EA08E0 /* CommunitySegmentedControl.swift in Sources */ = {isa = PBXBuildFile; fileRef = 0C382E252A5950C700EA08E0 /* CommunitySegmentedControl.swift */; };
		0C382E282A5994A700EA08E0 /* CommunityViewController.swift in Sources */ = {isa = PBXBuildFile; fileRef = 0C382E272A5994A700EA08E0 /* CommunityViewController.swift */; };
		0C382E312A5BDB6D00EA08E0 /* CommunityProfileView.swift in Sources */ = {isa = PBXBuildFile; fileRef = 0C382E302A5BDB6D00EA08E0 /* CommunityProfileView.swift */; };
		0C382E332A5C564000EA08E0 /* CommunityCellBottomButtonView.swift in Sources */ = {isa = PBXBuildFile; fileRef = 0C382E322A5C564000EA08E0 /* CommunityCellBottomButtonView.swift */; };
		0C43F6102A659C6D00EED860 /* PagingImageCollectionViewCell.swift in Sources */ = {isa = PBXBuildFile; fileRef = 0C43F60F2A659C6D00EED860 /* PagingImageCollectionViewCell.swift */; };
		0C43F6152A66767700EED860 /* DailyDateImageCell.swift in Sources */ = {isa = PBXBuildFile; fileRef = 0C43F6142A66767700EED860 /* DailyDateImageCell.swift */; };
		0C4D32F72A6823A600AD5EFF /* DailyDateNoImageCell.swift in Sources */ = {isa = PBXBuildFile; fileRef = 0C4D32F62A6823A600AD5EFF /* DailyDateNoImageCell.swift */; };
		0C4D32F92A6825FF00AD5EFF /* CommunityCellable.swift in Sources */ = {isa = PBXBuildFile; fileRef = 0C4D32F82A6825FF00AD5EFF /* CommunityCellable.swift */; };
		0C4D32FD2A68312C00AD5EFF /* CommunityCellDelegate.swift in Sources */ = {isa = PBXBuildFile; fileRef = 0C4D32FC2A68312C00AD5EFF /* CommunityCellDelegate.swift */; };
		0C4D32FF2A68315B00AD5EFF /* CommunityProfileViewDelegate.swift in Sources */ = {isa = PBXBuildFile; fileRef = 0C4D32FE2A68315B00AD5EFF /* CommunityProfileViewDelegate.swift */; };
		0C4D33012A68317200AD5EFF /* CommunityCellBottomButtonViewDelegate.swift in Sources */ = {isa = PBXBuildFile; fileRef = 0C4D33002A68317200AD5EFF /* CommunityCellBottomButtonViewDelegate.swift */; };
		0C5929F52A6ADB4500C21570 /* CommunityFloatingButton.swift in Sources */ = {isa = PBXBuildFile; fileRef = 0C5929F42A6ADB4500C21570 /* CommunityFloatingButton.swift */; };
		0C5929F72A6D3EA800C21570 /* PanModalPresentationController.swift in Sources */ = {isa = PBXBuildFile; fileRef = 0C5929F62A6D3EA800C21570 /* PanModalPresentationController.swift */; };
		0C5929FE2A6D481400C21570 /* BlurView.swift in Sources */ = {isa = PBXBuildFile; fileRef = 0C5929FD2A6D481400C21570 /* BlurView.swift */; };
		0C592A012A6D69AF00C21570 /* PanModalTransitioningDelegate.swift in Sources */ = {isa = PBXBuildFile; fileRef = 0C592A002A6D69AF00C21570 /* PanModalTransitioningDelegate.swift */; };
		0C592A042A6D720700C21570 /* PanModalAnimator.swift in Sources */ = {isa = PBXBuildFile; fileRef = 0C592A032A6D720700C21570 /* PanModalAnimator.swift */; };
		0C6F45492A7002C40044EAC8 /* CommentCellHeaderViewDelegate.swift in Sources */ = {isa = PBXBuildFile; fileRef = 0C6F45482A7002C40044EAC8 /* CommentCellHeaderViewDelegate.swift */; };
		0C809A1E2A56DA57009EC362 /* DailyDateViewController.swift in Sources */ = {isa = PBXBuildFile; fileRef = 0C809A1D2A56DA57009EC362 /* DailyDateViewController.swift */; };
		0CA858B02A6F981D00DFCFD5 /* Reusable.swift in Sources */ = {isa = PBXBuildFile; fileRef = 0CA858AF2A6F981D00DFCFD5 /* Reusable.swift */; };
		0CA858B62A6FB44D00DFCFD5 /* CommunityCellHeaderView.swift in Sources */ = {isa = PBXBuildFile; fileRef = 0CA858B52A6FB44D00DFCFD5 /* CommunityCellHeaderView.swift */; };
		0CA858B82A6FB75B00DFCFD5 /* CommunityCellHeaderViewDelegate.swift in Sources */ = {isa = PBXBuildFile; fileRef = 0CA858B72A6FB75B00DFCFD5 /* CommunityCellHeaderViewDelegate.swift */; };
		0CA858BA2A6FE0EA00DFCFD5 /* CommentCellHeaderView.swift in Sources */ = {isa = PBXBuildFile; fileRef = 0CA858B92A6FE0EA00DFCFD5 /* CommentCellHeaderView.swift */; };
		0CB49BDA2A69234A00C77341 /* LookViewController.swift in Sources */ = {isa = PBXBuildFile; fileRef = 0CB49BD92A69234A00C77341 /* LookViewController.swift */; };
		0CB49BDC2A69237400C77341 /* MockData.swift in Sources */ = {isa = PBXBuildFile; fileRef = 0CB49BDB2A69237400C77341 /* MockData.swift */; };
		0CB49BDF2A69526500C77341 /* LookCell.swift in Sources */ = {isa = PBXBuildFile; fileRef = 0CB49BDE2A69526500C77341 /* LookCell.swift */; };
		0CC33AC22A5281C1001EF4E7 /* AppDelegate.swift in Sources */ = {isa = PBXBuildFile; fileRef = 0CC33AC12A5281C1001EF4E7 /* AppDelegate.swift */; };
		0CC33AC42A5281C1001EF4E7 /* SceneDelegate.swift in Sources */ = {isa = PBXBuildFile; fileRef = 0CC33AC32A5281C1001EF4E7 /* SceneDelegate.swift */; };
		0CC33AC62A5281C1001EF4E7 /* ViewController.swift in Sources */ = {isa = PBXBuildFile; fileRef = 0CC33AC52A5281C1001EF4E7 /* ViewController.swift */; };
		0CC33ACB2A5281C3001EF4E7 /* Assets.xcassets in Resources */ = {isa = PBXBuildFile; fileRef = 0CC33ACA2A5281C3001EF4E7 /* Assets.xcassets */; };
		0CC33ACE2A5281C3001EF4E7 /* LaunchScreen.storyboard in Resources */ = {isa = PBXBuildFile; fileRef = 0CC33ACC2A5281C3001EF4E7 /* LaunchScreen.storyboard */; };
		0CF732452A65653500ED3B01 /* CommunityCellPagingImageView.swift in Sources */ = {isa = PBXBuildFile; fileRef = 0CF732442A65653500ED3B01 /* CommunityCellPagingImageView.swift */; };
/* End PBXBuildFile section */

/* Begin PBXFileReference section */
		0C382E252A5950C700EA08E0 /* CommunitySegmentedControl.swift */ = {isa = PBXFileReference; lastKnownFileType = sourcecode.swift; path = CommunitySegmentedControl.swift; sourceTree = "<group>"; };
		0C382E272A5994A700EA08E0 /* CommunityViewController.swift */ = {isa = PBXFileReference; lastKnownFileType = sourcecode.swift; path = CommunityViewController.swift; sourceTree = "<group>"; };
		0C382E302A5BDB6D00EA08E0 /* CommunityProfileView.swift */ = {isa = PBXFileReference; lastKnownFileType = sourcecode.swift; path = CommunityProfileView.swift; sourceTree = "<group>"; };
		0C382E322A5C564000EA08E0 /* CommunityCellBottomButtonView.swift */ = {isa = PBXFileReference; lastKnownFileType = sourcecode.swift; path = CommunityCellBottomButtonView.swift; sourceTree = "<group>"; };
		0C43F60F2A659C6D00EED860 /* PagingImageCollectionViewCell.swift */ = {isa = PBXFileReference; lastKnownFileType = sourcecode.swift; path = PagingImageCollectionViewCell.swift; sourceTree = "<group>"; };
		0C43F6142A66767700EED860 /* DailyDateImageCell.swift */ = {isa = PBXFileReference; lastKnownFileType = sourcecode.swift; name = DailyDateImageCell.swift; path = HeartHub/CommunityScene/DailyDateScene/View/DailyDateCell/DailyDateImageCell.swift; sourceTree = SOURCE_ROOT; };
		0C4D32F62A6823A600AD5EFF /* DailyDateNoImageCell.swift */ = {isa = PBXFileReference; lastKnownFileType = sourcecode.swift; path = DailyDateNoImageCell.swift; sourceTree = "<group>"; };
		0C4D32F82A6825FF00AD5EFF /* CommunityCellable.swift */ = {isa = PBXFileReference; lastKnownFileType = sourcecode.swift; path = CommunityCellable.swift; sourceTree = "<group>"; };
		0C4D32FC2A68312C00AD5EFF /* CommunityCellDelegate.swift */ = {isa = PBXFileReference; lastKnownFileType = sourcecode.swift; path = CommunityCellDelegate.swift; sourceTree = "<group>"; };
		0C4D32FE2A68315B00AD5EFF /* CommunityProfileViewDelegate.swift */ = {isa = PBXFileReference; lastKnownFileType = sourcecode.swift; path = CommunityProfileViewDelegate.swift; sourceTree = "<group>"; };
		0C4D33002A68317200AD5EFF /* CommunityCellBottomButtonViewDelegate.swift */ = {isa = PBXFileReference; lastKnownFileType = sourcecode.swift; path = CommunityCellBottomButtonViewDelegate.swift; sourceTree = "<group>"; };
		0C5929F42A6ADB4500C21570 /* CommunityFloatingButton.swift */ = {isa = PBXFileReference; lastKnownFileType = sourcecode.swift; path = CommunityFloatingButton.swift; sourceTree = "<group>"; };
		0C5929F62A6D3EA800C21570 /* PanModalPresentationController.swift */ = {isa = PBXFileReference; lastKnownFileType = sourcecode.swift; path = PanModalPresentationController.swift; sourceTree = "<group>"; };
		0C5929FD2A6D481400C21570 /* BlurView.swift */ = {isa = PBXFileReference; lastKnownFileType = sourcecode.swift; path = BlurView.swift; sourceTree = "<group>"; };
		0C592A002A6D69AF00C21570 /* PanModalTransitioningDelegate.swift */ = {isa = PBXFileReference; lastKnownFileType = sourcecode.swift; path = PanModalTransitioningDelegate.swift; sourceTree = "<group>"; };
		0C592A032A6D720700C21570 /* PanModalAnimator.swift */ = {isa = PBXFileReference; lastKnownFileType = sourcecode.swift; path = PanModalAnimator.swift; sourceTree = "<group>"; };
		0C6F45482A7002C40044EAC8 /* CommentCellHeaderViewDelegate.swift */ = {isa = PBXFileReference; lastKnownFileType = sourcecode.swift; path = CommentCellHeaderViewDelegate.swift; sourceTree = "<group>"; };
		0C809A1D2A56DA57009EC362 /* DailyDateViewController.swift */ = {isa = PBXFileReference; lastKnownFileType = sourcecode.swift; path = DailyDateViewController.swift; sourceTree = "<group>"; };
		0CA858AF2A6F981D00DFCFD5 /* Reusable.swift */ = {isa = PBXFileReference; lastKnownFileType = sourcecode.swift; path = Reusable.swift; sourceTree = "<group>"; };
		0CA858B52A6FB44D00DFCFD5 /* CommunityCellHeaderView.swift */ = {isa = PBXFileReference; lastKnownFileType = sourcecode.swift; path = CommunityCellHeaderView.swift; sourceTree = "<group>"; };
		0CA858B72A6FB75B00DFCFD5 /* CommunityCellHeaderViewDelegate.swift */ = {isa = PBXFileReference; lastKnownFileType = sourcecode.swift; path = CommunityCellHeaderViewDelegate.swift; sourceTree = "<group>"; };
		0CA858B92A6FE0EA00DFCFD5 /* CommentCellHeaderView.swift */ = {isa = PBXFileReference; lastKnownFileType = sourcecode.swift; path = CommentCellHeaderView.swift; sourceTree = "<group>"; };
		0CB49BD92A69234A00C77341 /* LookViewController.swift */ = {isa = PBXFileReference; lastKnownFileType = sourcecode.swift; path = LookViewController.swift; sourceTree = "<group>"; };
		0CB49BDB2A69237400C77341 /* MockData.swift */ = {isa = PBXFileReference; lastKnownFileType = sourcecode.swift; path = MockData.swift; sourceTree = "<group>"; };
		0CB49BDE2A69526500C77341 /* LookCell.swift */ = {isa = PBXFileReference; lastKnownFileType = sourcecode.swift; path = LookCell.swift; sourceTree = "<group>"; };
		0CC33ABE2A5281C1001EF4E7 /* HeartHub.app */ = {isa = PBXFileReference; explicitFileType = wrapper.application; includeInIndex = 0; path = HeartHub.app; sourceTree = BUILT_PRODUCTS_DIR; };
		0CC33AC12A5281C1001EF4E7 /* AppDelegate.swift */ = {isa = PBXFileReference; lastKnownFileType = sourcecode.swift; path = AppDelegate.swift; sourceTree = "<group>"; };
		0CC33AC32A5281C1001EF4E7 /* SceneDelegate.swift */ = {isa = PBXFileReference; lastKnownFileType = sourcecode.swift; path = SceneDelegate.swift; sourceTree = "<group>"; };
		0CC33AC52A5281C1001EF4E7 /* ViewController.swift */ = {isa = PBXFileReference; lastKnownFileType = sourcecode.swift; path = ViewController.swift; sourceTree = "<group>"; };
		0CC33ACA2A5281C3001EF4E7 /* Assets.xcassets */ = {isa = PBXFileReference; lastKnownFileType = folder.assetcatalog; path = Assets.xcassets; sourceTree = "<group>"; };
		0CC33ACD2A5281C3001EF4E7 /* Base */ = {isa = PBXFileReference; lastKnownFileType = file.storyboard; name = Base; path = Base.lproj/LaunchScreen.storyboard; sourceTree = "<group>"; };
		0CC33ACF2A5281C3001EF4E7 /* Info.plist */ = {isa = PBXFileReference; lastKnownFileType = text.plist.xml; path = Info.plist; sourceTree = "<group>"; };
		0CF732442A65653500ED3B01 /* CommunityCellPagingImageView.swift */ = {isa = PBXFileReference; lastKnownFileType = sourcecode.swift; name = CommunityCellPagingImageView.swift; path = HeartHub/CommunityScene/View/CommunityCellPagingImageView/CommunityCellPagingImageView.swift; sourceTree = SOURCE_ROOT; };
/* End PBXFileReference section */

/* Begin PBXFrameworksBuildPhase section */
		0CC33ABB2A5281C1001EF4E7 /* Frameworks */ = {
			isa = PBXFrameworksBuildPhase;
			buildActionMask = 2147483647;
			files = (
			);
			runOnlyForDeploymentPostprocessing = 0;
		};
/* End PBXFrameworksBuildPhase section */

/* Begin PBXGroup section */
		0C382E242A5950AF00EA08E0 /* View */ = {
			isa = PBXGroup;
			children = (
				0C382E252A5950C700EA08E0 /* CommunitySegmentedControl.swift */,
				0C382E302A5BDB6D00EA08E0 /* CommunityProfileView.swift */,
				0CA858B52A6FB44D00DFCFD5 /* CommunityCellHeaderView.swift */,
				0C382E322A5C564000EA08E0 /* CommunityCellBottomButtonView.swift */,
				0C5929F42A6ADB4500C21570 /* CommunityFloatingButton.swift */,
				0C43F60E2A659C4E00EED860 /* CommunityCellPagingImageView */,
			);
			path = View;
			sourceTree = "<group>";
		};
		0C382E292A59A1F100EA08E0 /* Controller */ = {
			isa = PBXGroup;
			children = (
				0C382E272A5994A700EA08E0 /* CommunityViewController.swift */,
			);
			path = Controller;
			sourceTree = "<group>";
		};
		0C382E2A2A5B016800EA08E0 /* DailyDateScene */ = {
			isa = PBXGroup;
			children = (
				0C43F6162A6676AB00EED860 /* View */,
				0C382E2B2A5B018D00EA08E0 /* Controller */,
			);
			path = DailyDateScene;
			sourceTree = "<group>";
		};
		0C382E2B2A5B018D00EA08E0 /* Controller */ = {
			isa = PBXGroup;
			children = (
				0C809A1D2A56DA57009EC362 /* DailyDateViewController.swift */,
			);
			path = Controller;
			sourceTree = "<group>";
		};
		0C43F60E2A659C4E00EED860 /* CommunityCellPagingImageView */ = {
			isa = PBXGroup;
			children = (
				0CF732442A65653500ED3B01 /* CommunityCellPagingImageView.swift */,
				0C43F60F2A659C6D00EED860 /* PagingImageCollectionViewCell.swift */,
			);
			path = CommunityCellPagingImageView;
			sourceTree = "<group>";
		};
		0C43F6112A659CB000EED860 /* Util */ = {
			isa = PBXGroup;
			children = (
				0CA858AF2A6F981D00DFCFD5 /* Reusable.swift */,
				0CB49BDB2A69237400C77341 /* MockData.swift */,
			);
			path = Util;
			sourceTree = "<group>";
		};
		0C43F6162A6676AB00EED860 /* View */ = {
			isa = PBXGroup;
			children = (
				0C43F6172A6676B500EED860 /* DailyDateCell */,
			);
			path = View;
			sourceTree = "<group>";
		};
		0C43F6172A6676B500EED860 /* DailyDateCell */ = {
			isa = PBXGroup;
			children = (
				0C43F6142A66767700EED860 /* DailyDateImageCell.swift */,
				0C4D32F62A6823A600AD5EFF /* DailyDateNoImageCell.swift */,
			);
			path = DailyDateCell;
			sourceTree = "<group>";
		};
		0C4D32FB2A6830F000AD5EFF /* Protocol */ = {
			isa = PBXGroup;
			children = (
				0C4D32FE2A68315B00AD5EFF /* CommunityProfileViewDelegate.swift */,
				0C4D33002A68317200AD5EFF /* CommunityCellBottomButtonViewDelegate.swift */,
				0CA858B72A6FB75B00DFCFD5 /* CommunityCellHeaderViewDelegate.swift */,
				0C4D32F82A6825FF00AD5EFF /* CommunityCellable.swift */,
				0C4D32FC2A68312C00AD5EFF /* CommunityCellDelegate.swift */,
			);
			path = Protocol;
			sourceTree = "<group>";
		};
		0C5929FA2A6D47D700C21570 /* CommentScene */ = {
			isa = PBXGroup;
			children = (
				0C592A022A6D6C7F00C21570 /* Util */,
				0C5929FF2A6D693F00C21570 /* Protocol */,
				0C5929FB2A6D47EB00C21570 /* View */,
				0C5929FC2A6D47F000C21570 /* Controller */,
			);
			path = CommentScene;
			sourceTree = "<group>";
		};
		0C5929FB2A6D47EB00C21570 /* View */ = {
			isa = PBXGroup;
			children = (
				0C5929FD2A6D481400C21570 /* BlurView.swift */,
				0CA858B92A6FE0EA00DFCFD5 /* CommentCellHeaderView.swift */,
			);
			path = View;
			sourceTree = "<group>";
		};
		0C5929FC2A6D47F000C21570 /* Controller */ = {
			isa = PBXGroup;
			children = (
				0C5929F62A6D3EA800C21570 /* PanModalPresentationController.swift */,
			);
			path = Controller;
			sourceTree = "<group>";
		};
		0C5929FF2A6D693F00C21570 /* Protocol */ = {
			isa = PBXGroup;
			children = (
				0C592A002A6D69AF00C21570 /* PanModalTransitioningDelegate.swift */,
				0C6F45482A7002C40044EAC8 /* CommentCellHeaderViewDelegate.swift */,
			);
			path = Protocol;
			sourceTree = "<group>";
		};
		0C592A022A6D6C7F00C21570 /* Util */ = {
			isa = PBXGroup;
			children = (
				0C592A032A6D720700C21570 /* PanModalAnimator.swift */,
			);
			path = Util;
			sourceTree = "<group>";
		};
		0C809A1C2A56D17F009EC362 /* CommunityScene */ = {
			isa = PBXGroup;
			children = (
				0C43F6112A659CB000EED860 /* Util */,
				0C4D32FB2A6830F000AD5EFF /* Protocol */,
				0C382E242A5950AF00EA08E0 /* View */,
				0C382E292A59A1F100EA08E0 /* Controller */,
				0C382E2A2A5B016800EA08E0 /* DailyDateScene */,
				0CB49BD72A69230200C77341 /* LookScene */,
				0C5929FA2A6D47D700C21570 /* CommentScene */,
			);
			path = CommunityScene;
			sourceTree = "<group>";
		};
		0CB49BD72A69230200C77341 /* LookScene */ = {
			isa = PBXGroup;
			children = (
				0CB49BD82A69234100C77341 /* View */,
				0CB49BDD2A6932FD00C77341 /* Controller */,
			);
			path = LookScene;
			sourceTree = "<group>";
		};
		0CB49BD82A69234100C77341 /* View */ = {
			isa = PBXGroup;
			children = (
				0CB49BDE2A69526500C77341 /* LookCell.swift */,
			);
			path = View;
			sourceTree = "<group>";
		};
		0CB49BDD2A6932FD00C77341 /* Controller */ = {
			isa = PBXGroup;
			children = (
				0CB49BD92A69234A00C77341 /* LookViewController.swift */,
			);
			path = Controller;
			sourceTree = "<group>";
		};
		0CC33AB52A5281C1001EF4E7 = {
			isa = PBXGroup;
			children = (
				0CC33AC02A5281C1001EF4E7 /* HeartHub */,
				0CC33ABF2A5281C1001EF4E7 /* Products */,
			);
			sourceTree = "<group>";
		};
		0CC33ABF2A5281C1001EF4E7 /* Products */ = {
			isa = PBXGroup;
			children = (
				0CC33ABE2A5281C1001EF4E7 /* HeartHub.app */,
			);
			name = Products;
			sourceTree = "<group>";
		};
		0CC33AC02A5281C1001EF4E7 /* HeartHub */ = {
			isa = PBXGroup;
			children = (
				0C809A1C2A56D17F009EC362 /* CommunityScene */,
				0CC33AC12A5281C1001EF4E7 /* AppDelegate.swift */,
				0CC33AC32A5281C1001EF4E7 /* SceneDelegate.swift */,
				0CC33AC52A5281C1001EF4E7 /* ViewController.swift */,
				0CC33ACA2A5281C3001EF4E7 /* Assets.xcassets */,
				0CC33ACC2A5281C3001EF4E7 /* LaunchScreen.storyboard */,
				0CC33ACF2A5281C3001EF4E7 /* Info.plist */,
			);
			path = HeartHub;
			sourceTree = "<group>";
		};
/* End PBXGroup section */

/* Begin PBXNativeTarget section */
		0CC33ABD2A5281C1001EF4E7 /* HeartHub */ = {
			isa = PBXNativeTarget;
			buildConfigurationList = 0CC33AD22A5281C3001EF4E7 /* Build configuration list for PBXNativeTarget "HeartHub" */;
			buildPhases = (
				0CC33ABA2A5281C1001EF4E7 /* Sources */,
				0CC33ABB2A5281C1001EF4E7 /* Frameworks */,
				0CC33ABC2A5281C1001EF4E7 /* Resources */,
			);
			buildRules = (
			);
			dependencies = (
			);
			name = HeartHub;
			productName = HeartHub;
			productReference = 0CC33ABE2A5281C1001EF4E7 /* HeartHub.app */;
			productType = "com.apple.product-type.application";
		};
/* End PBXNativeTarget section */

/* Begin PBXProject section */
		0CC33AB62A5281C1001EF4E7 /* Project object */ = {
			isa = PBXProject;
			attributes = {
				BuildIndependentTargetsInParallel = 1;
				LastSwiftUpdateCheck = 1420;
				LastUpgradeCheck = 1420;
				TargetAttributes = {
					0CC33ABD2A5281C1001EF4E7 = {
						CreatedOnToolsVersion = 14.2;
					};
				};
			};
			buildConfigurationList = 0CC33AB92A5281C1001EF4E7 /* Build configuration list for PBXProject "HeartHub" */;
			compatibilityVersion = "Xcode 14.0";
			developmentRegion = en;
			hasScannedForEncodings = 0;
			knownRegions = (
				en,
				Base,
			);
			mainGroup = 0CC33AB52A5281C1001EF4E7;
			productRefGroup = 0CC33ABF2A5281C1001EF4E7 /* Products */;
			projectDirPath = "";
			projectRoot = "";
			targets = (
				0CC33ABD2A5281C1001EF4E7 /* HeartHub */,
			);
		};
/* End PBXProject section */

/* Begin PBXResourcesBuildPhase section */
		0CC33ABC2A5281C1001EF4E7 /* Resources */ = {
			isa = PBXResourcesBuildPhase;
			buildActionMask = 2147483647;
			files = (
				0CC33ACE2A5281C3001EF4E7 /* LaunchScreen.storyboard in Resources */,
				0CC33ACB2A5281C3001EF4E7 /* Assets.xcassets in Resources */,
			);
			runOnlyForDeploymentPostprocessing = 0;
		};
/* End PBXResourcesBuildPhase section */

/* Begin PBXSourcesBuildPhase section */
		0CC33ABA2A5281C1001EF4E7 /* Sources */ = {
			isa = PBXSourcesBuildPhase;
			buildActionMask = 2147483647;
			files = (
				0CC33AC62A5281C1001EF4E7 /* ViewController.swift in Sources */,
				0CA858BA2A6FE0EA00DFCFD5 /* CommentCellHeaderView.swift in Sources */,
				0C382E332A5C564000EA08E0 /* CommunityCellBottomButtonView.swift in Sources */,
				0C4D32FD2A68312C00AD5EFF /* CommunityCellDelegate.swift in Sources */,
				0CF732452A65653500ED3B01 /* CommunityCellPagingImageView.swift in Sources */,
				0C382E282A5994A700EA08E0 /* CommunityViewController.swift in Sources */,
				0CA858B82A6FB75B00DFCFD5 /* CommunityCellHeaderViewDelegate.swift in Sources */,
				0C592A042A6D720700C21570 /* PanModalAnimator.swift in Sources */,
				0CB49BDF2A69526500C77341 /* LookCell.swift in Sources */,
				0C4D32F92A6825FF00AD5EFF /* CommunityCellable.swift in Sources */,
				0CB49BDA2A69234A00C77341 /* LookViewController.swift in Sources */,
				0CB49BDC2A69237400C77341 /* MockData.swift in Sources */,
				0C4D32F72A6823A600AD5EFF /* DailyDateNoImageCell.swift in Sources */,
				0CC33AC22A5281C1001EF4E7 /* AppDelegate.swift in Sources */,
				0C809A1E2A56DA57009EC362 /* DailyDateViewController.swift in Sources */,
				0CA858B62A6FB44D00DFCFD5 /* CommunityCellHeaderView.swift in Sources */,
				0C43F6152A66767700EED860 /* DailyDateImageCell.swift in Sources */,
				0C592A012A6D69AF00C21570 /* PanModalTransitioningDelegate.swift in Sources */,
				0C4D33012A68317200AD5EFF /* CommunityCellBottomButtonViewDelegate.swift in Sources */,
				0CC33AC42A5281C1001EF4E7 /* SceneDelegate.swift in Sources */,
				0C5929F72A6D3EA800C21570 /* PanModalPresentationController.swift in Sources */,
				0C382E262A5950C700EA08E0 /* CommunitySegmentedControl.swift in Sources */,
				0CA858B02A6F981D00DFCFD5 /* Reusable.swift in Sources */,
				0C4D32FF2A68315B00AD5EFF /* CommunityProfileViewDelegate.swift in Sources */,
				0C43F6102A659C6D00EED860 /* PagingImageCollectionViewCell.swift in Sources */,
				0C5929FE2A6D481400C21570 /* BlurView.swift in Sources */,
				0C5929F52A6ADB4500C21570 /* CommunityFloatingButton.swift in Sources */,
				0C6F45492A7002C40044EAC8 /* CommentCellHeaderViewDelegate.swift in Sources */,
				0C382E312A5BDB6D00EA08E0 /* CommunityProfileView.swift in Sources */,
			);
			runOnlyForDeploymentPostprocessing = 0;
		};
/* End PBXSourcesBuildPhase section */

/* Begin PBXVariantGroup section */
		0CC33ACC2A5281C3001EF4E7 /* LaunchScreen.storyboard */ = {
			isa = PBXVariantGroup;
			children = (
				0CC33ACD2A5281C3001EF4E7 /* Base */,
			);
			name = LaunchScreen.storyboard;
			sourceTree = "<group>";
		};
/* End PBXVariantGroup section */

/* Begin XCBuildConfiguration section */
		0CC33AD02A5281C3001EF4E7 /* Debug */ = {
			isa = XCBuildConfiguration;
			buildSettings = {
				ALWAYS_SEARCH_USER_PATHS = NO;
				CLANG_ANALYZER_NONNULL = YES;
				CLANG_ANALYZER_NUMBER_OBJECT_CONVERSION = YES_AGGRESSIVE;
				CLANG_CXX_LANGUAGE_STANDARD = "gnu++20";
				CLANG_ENABLE_MODULES = YES;
				CLANG_ENABLE_OBJC_ARC = YES;
				CLANG_ENABLE_OBJC_WEAK = YES;
				CLANG_WARN_BLOCK_CAPTURE_AUTORELEASING = YES;
				CLANG_WARN_BOOL_CONVERSION = YES;
				CLANG_WARN_COMMA = YES;
				CLANG_WARN_CONSTANT_CONVERSION = YES;
				CLANG_WARN_DEPRECATED_OBJC_IMPLEMENTATIONS = YES;
				CLANG_WARN_DIRECT_OBJC_ISA_USAGE = YES_ERROR;
				CLANG_WARN_DOCUMENTATION_COMMENTS = YES;
				CLANG_WARN_EMPTY_BODY = YES;
				CLANG_WARN_ENUM_CONVERSION = YES;
				CLANG_WARN_INFINITE_RECURSION = YES;
				CLANG_WARN_INT_CONVERSION = YES;
				CLANG_WARN_NON_LITERAL_NULL_CONVERSION = YES;
				CLANG_WARN_OBJC_IMPLICIT_RETAIN_SELF = YES;
				CLANG_WARN_OBJC_LITERAL_CONVERSION = YES;
				CLANG_WARN_OBJC_ROOT_CLASS = YES_ERROR;
				CLANG_WARN_QUOTED_INCLUDE_IN_FRAMEWORK_HEADER = YES;
				CLANG_WARN_RANGE_LOOP_ANALYSIS = YES;
				CLANG_WARN_STRICT_PROTOTYPES = YES;
				CLANG_WARN_SUSPICIOUS_MOVE = YES;
				CLANG_WARN_UNGUARDED_AVAILABILITY = YES_AGGRESSIVE;
				CLANG_WARN_UNREACHABLE_CODE = YES;
				CLANG_WARN__DUPLICATE_METHOD_MATCH = YES;
				COPY_PHASE_STRIP = NO;
				DEBUG_INFORMATION_FORMAT = dwarf;
				ENABLE_STRICT_OBJC_MSGSEND = YES;
				ENABLE_TESTABILITY = YES;
				GCC_C_LANGUAGE_STANDARD = gnu11;
				GCC_DYNAMIC_NO_PIC = NO;
				GCC_NO_COMMON_BLOCKS = YES;
				GCC_OPTIMIZATION_LEVEL = 0;
				GCC_PREPROCESSOR_DEFINITIONS = (
					"DEBUG=1",
					"$(inherited)",
				);
				GCC_WARN_64_TO_32_BIT_CONVERSION = YES;
				GCC_WARN_ABOUT_RETURN_TYPE = YES_ERROR;
				GCC_WARN_UNDECLARED_SELECTOR = YES;
				GCC_WARN_UNINITIALIZED_AUTOS = YES_AGGRESSIVE;
				GCC_WARN_UNUSED_FUNCTION = YES;
				GCC_WARN_UNUSED_VARIABLE = YES;
				IPHONEOS_DEPLOYMENT_TARGET = 14.0;
				MTL_ENABLE_DEBUG_INFO = INCLUDE_SOURCE;
				MTL_FAST_MATH = YES;
				ONLY_ACTIVE_ARCH = YES;
				SDKROOT = iphoneos;
				SWIFT_ACTIVE_COMPILATION_CONDITIONS = DEBUG;
				SWIFT_OPTIMIZATION_LEVEL = "-Onone";
			};
			name = Debug;
		};
		0CC33AD12A5281C3001EF4E7 /* Release */ = {
			isa = XCBuildConfiguration;
			buildSettings = {
				ALWAYS_SEARCH_USER_PATHS = NO;
				CLANG_ANALYZER_NONNULL = YES;
				CLANG_ANALYZER_NUMBER_OBJECT_CONVERSION = YES_AGGRESSIVE;
				CLANG_CXX_LANGUAGE_STANDARD = "gnu++20";
				CLANG_ENABLE_MODULES = YES;
				CLANG_ENABLE_OBJC_ARC = YES;
				CLANG_ENABLE_OBJC_WEAK = YES;
				CLANG_WARN_BLOCK_CAPTURE_AUTORELEASING = YES;
				CLANG_WARN_BOOL_CONVERSION = YES;
				CLANG_WARN_COMMA = YES;
				CLANG_WARN_CONSTANT_CONVERSION = YES;
				CLANG_WARN_DEPRECATED_OBJC_IMPLEMENTATIONS = YES;
				CLANG_WARN_DIRECT_OBJC_ISA_USAGE = YES_ERROR;
				CLANG_WARN_DOCUMENTATION_COMMENTS = YES;
				CLANG_WARN_EMPTY_BODY = YES;
				CLANG_WARN_ENUM_CONVERSION = YES;
				CLANG_WARN_INFINITE_RECURSION = YES;
				CLANG_WARN_INT_CONVERSION = YES;
				CLANG_WARN_NON_LITERAL_NULL_CONVERSION = YES;
				CLANG_WARN_OBJC_IMPLICIT_RETAIN_SELF = YES;
				CLANG_WARN_OBJC_LITERAL_CONVERSION = YES;
				CLANG_WARN_OBJC_ROOT_CLASS = YES_ERROR;
				CLANG_WARN_QUOTED_INCLUDE_IN_FRAMEWORK_HEADER = YES;
				CLANG_WARN_RANGE_LOOP_ANALYSIS = YES;
				CLANG_WARN_STRICT_PROTOTYPES = YES;
				CLANG_WARN_SUSPICIOUS_MOVE = YES;
				CLANG_WARN_UNGUARDED_AVAILABILITY = YES_AGGRESSIVE;
				CLANG_WARN_UNREACHABLE_CODE = YES;
				CLANG_WARN__DUPLICATE_METHOD_MATCH = YES;
				COPY_PHASE_STRIP = NO;
				DEBUG_INFORMATION_FORMAT = "dwarf-with-dsym";
				ENABLE_NS_ASSERTIONS = NO;
				ENABLE_STRICT_OBJC_MSGSEND = YES;
				GCC_C_LANGUAGE_STANDARD = gnu11;
				GCC_NO_COMMON_BLOCKS = YES;
				GCC_WARN_64_TO_32_BIT_CONVERSION = YES;
				GCC_WARN_ABOUT_RETURN_TYPE = YES_ERROR;
				GCC_WARN_UNDECLARED_SELECTOR = YES;
				GCC_WARN_UNINITIALIZED_AUTOS = YES_AGGRESSIVE;
				GCC_WARN_UNUSED_FUNCTION = YES;
				GCC_WARN_UNUSED_VARIABLE = YES;
				IPHONEOS_DEPLOYMENT_TARGET = 14.0;
				MTL_ENABLE_DEBUG_INFO = NO;
				MTL_FAST_MATH = YES;
				SDKROOT = iphoneos;
				SWIFT_COMPILATION_MODE = wholemodule;
				SWIFT_OPTIMIZATION_LEVEL = "-O";
				VALIDATE_PRODUCT = YES;
			};
			name = Release;
		};
		0CC33AD32A5281C3001EF4E7 /* Debug */ = {
			isa = XCBuildConfiguration;
			buildSettings = {
				ASSETCATALOG_COMPILER_APPICON_NAME = AppIcon;
				ASSETCATALOG_COMPILER_GLOBAL_ACCENT_COLOR_NAME = AccentColor;
				CODE_SIGN_STYLE = Automatic;
				CURRENT_PROJECT_VERSION = 1;
				DEVELOPMENT_TEAM = KHQ37J8NU9;
				GENERATE_INFOPLIST_FILE = YES;
				INFOPLIST_FILE = HeartHub/Info.plist;
				INFOPLIST_KEY_UIApplicationSupportsIndirectInputEvents = YES;
				INFOPLIST_KEY_UILaunchStoryboardName = LaunchScreen;
				INFOPLIST_KEY_UISupportedInterfaceOrientations_iPad = "UIInterfaceOrientationPortrait UIInterfaceOrientationPortraitUpsideDown UIInterfaceOrientationLandscapeLeft UIInterfaceOrientationLandscapeRight";
				INFOPLIST_KEY_UISupportedInterfaceOrientations_iPhone = "UIInterfaceOrientationPortrait UIInterfaceOrientationLandscapeLeft UIInterfaceOrientationLandscapeRight";
				IPHONEOS_DEPLOYMENT_TARGET = 14.0;
				LD_RUNPATH_SEARCH_PATHS = (
					"$(inherited)",
					"@executable_path/Frameworks",
				);
				MARKETING_VERSION = 1.0;
				PRODUCT_BUNDLE_IDENTIFIER = com.xoxoxo.HeartHub;
				PRODUCT_NAME = "$(TARGET_NAME)";
				SWIFT_EMIT_LOC_STRINGS = YES;
				SWIFT_VERSION = 5.0;
				TARGETED_DEVICE_FAMILY = "1,2";
			};
			name = Debug;
		};
		0CC33AD42A5281C3001EF4E7 /* Release */ = {
			isa = XCBuildConfiguration;
			buildSettings = {
				ASSETCATALOG_COMPILER_APPICON_NAME = AppIcon;
				ASSETCATALOG_COMPILER_GLOBAL_ACCENT_COLOR_NAME = AccentColor;
				CODE_SIGN_STYLE = Automatic;
				CURRENT_PROJECT_VERSION = 1;
				DEVELOPMENT_TEAM = KHQ37J8NU9;
				GENERATE_INFOPLIST_FILE = YES;
				INFOPLIST_FILE = HeartHub/Info.plist;
				INFOPLIST_KEY_UIApplicationSupportsIndirectInputEvents = YES;
				INFOPLIST_KEY_UILaunchStoryboardName = LaunchScreen;
				INFOPLIST_KEY_UISupportedInterfaceOrientations_iPad = "UIInterfaceOrientationPortrait UIInterfaceOrientationPortraitUpsideDown UIInterfaceOrientationLandscapeLeft UIInterfaceOrientationLandscapeRight";
				INFOPLIST_KEY_UISupportedInterfaceOrientations_iPhone = "UIInterfaceOrientationPortrait UIInterfaceOrientationLandscapeLeft UIInterfaceOrientationLandscapeRight";
				IPHONEOS_DEPLOYMENT_TARGET = 14.0;
				LD_RUNPATH_SEARCH_PATHS = (
					"$(inherited)",
					"@executable_path/Frameworks",
				);
				MARKETING_VERSION = 1.0;
				PRODUCT_BUNDLE_IDENTIFIER = com.xoxoxo.HeartHub;
				PRODUCT_NAME = "$(TARGET_NAME)";
				SWIFT_EMIT_LOC_STRINGS = YES;
				SWIFT_VERSION = 5.0;
				TARGETED_DEVICE_FAMILY = "1,2";
			};
			name = Release;
		};
/* End XCBuildConfiguration section */

/* Begin XCConfigurationList section */
		0CC33AB92A5281C1001EF4E7 /* Build configuration list for PBXProject "HeartHub" */ = {
			isa = XCConfigurationList;
			buildConfigurations = (
				0CC33AD02A5281C3001EF4E7 /* Debug */,
				0CC33AD12A5281C3001EF4E7 /* Release */,
			);
			defaultConfigurationIsVisible = 0;
			defaultConfigurationName = Release;
		};
		0CC33AD22A5281C3001EF4E7 /* Build configuration list for PBXNativeTarget "HeartHub" */ = {
			isa = XCConfigurationList;
			buildConfigurations = (
				0CC33AD32A5281C3001EF4E7 /* Debug */,
				0CC33AD42A5281C3001EF4E7 /* Release */,
			);
			defaultConfigurationIsVisible = 0;
			defaultConfigurationName = Release;
		};
/* End XCConfigurationList section */
	};
	rootObject = 0CC33AB62A5281C1001EF4E7 /* Project object */;
}
